// !$*UTF8*$!
{
	archiveVersion = 1;
	classes = {
	};
	objectVersion = 46;
	objects = {

/* Begin PBXBuildFile section */
		AA24EE531BF4E9EE00112A63 /* AppDelegate.swift in Sources */ = {isa = PBXBuildFile; fileRef = AA24EE521BF4E9EE00112A63 /* AppDelegate.swift */; };
		AA24EE581BF4E9EE00112A63 /* Main.storyboard in Resources */ = {isa = PBXBuildFile; fileRef = AA24EE561BF4E9EE00112A63 /* Main.storyboard */; };
		AA24EE5B1BF4E9EE00112A63 /* Shokugy.xcdatamodeld in Sources */ = {isa = PBXBuildFile; fileRef = AA24EE591BF4E9EE00112A63 /* Shokugy.xcdatamodeld */; };
		AA24EE5D1BF4E9EE00112A63 /* Assets.xcassets in Resources */ = {isa = PBXBuildFile; fileRef = AA24EE5C1BF4E9EE00112A63 /* Assets.xcassets */; };
		AA24EE601BF4E9EE00112A63 /* LaunchScreen.storyboard in Resources */ = {isa = PBXBuildFile; fileRef = AA24EE5E1BF4E9EE00112A63 /* LaunchScreen.storyboard */; };
		AA24EE6B1BF4E9EE00112A63 /* ShokugyTests.swift in Sources */ = {isa = PBXBuildFile; fileRef = AA24EE6A1BF4E9EE00112A63 /* ShokugyTests.swift */; };
		AA24EE761BF4E9EE00112A63 /* ShokugyUITests.swift in Sources */ = {isa = PBXBuildFile; fileRef = AA24EE751BF4E9EE00112A63 /* ShokugyUITests.swift */; };
		AA24EE871BF58D3200112A63 /* HomeTableViewController.swift in Sources */ = {isa = PBXBuildFile; fileRef = AA24EE861BF58D3200112A63 /* HomeTableViewController.swift */; };
		AA24EE8D1BF58FCD00112A63 /* HomeTableViewCell.swift in Sources */ = {isa = PBXBuildFile; fileRef = AA24EE8B1BF58FCD00112A63 /* HomeTableViewCell.swift */; };
		AA24EE8E1BF58FCD00112A63 /* HomeTableViewCell.xib in Resources */ = {isa = PBXBuildFile; fileRef = AA24EE8C1BF58FCD00112A63 /* HomeTableViewCell.xib */; };
		AA24EEBA1BF5A7E800112A63 /* RAMBounceAnimation.swift in Sources */ = {isa = PBXBuildFile; fileRef = AA24EEAF1BF5A7E800112A63 /* RAMBounceAnimation.swift */; };
		AA24EEBB1BF5A7E800112A63 /* RAMFrameItemAnimation.swift in Sources */ = {isa = PBXBuildFile; fileRef = AA24EEB11BF5A7E800112A63 /* RAMFrameItemAnimation.swift */; };
		AA24EEBC1BF5A7E800112A63 /* RAMFumeAnimation.swift in Sources */ = {isa = PBXBuildFile; fileRef = AA24EEB31BF5A7E800112A63 /* RAMFumeAnimation.swift */; };
		AA24EEBD1BF5A7E800112A63 /* RAMRotationAnimation.swift in Sources */ = {isa = PBXBuildFile; fileRef = AA24EEB51BF5A7E800112A63 /* RAMRotationAnimation.swift */; };
		AA24EEBE1BF5A7E800112A63 /* RAMTransitionItemAnimation.swift in Sources */ = {isa = PBXBuildFile; fileRef = AA24EEB71BF5A7E800112A63 /* RAMTransitionItemAnimation.swift */; };
		AA24EEBF1BF5A7E800112A63 /* RAMAnimatedTabBarController.swift in Sources */ = {isa = PBXBuildFile; fileRef = AA24EEB81BF5A7E800112A63 /* RAMAnimatedTabBarController.swift */; };
		AA24EEC01BF5A7E800112A63 /* RAMItemAnimationProtocol.swift in Sources */ = {isa = PBXBuildFile; fileRef = AA24EEB91BF5A7E800112A63 /* RAMItemAnimationProtocol.swift */; };
		AA24EEC31BF5A89100112A63 /* et-line_e03b(0)_48.png in Resources */ = {isa = PBXBuildFile; fileRef = AA24EEC11BF5A89100112A63 /* et-line_e03b(0)_48.png */; };
		AA24EEC61BF5A91800112A63 /* et-line_e021(0)_48.png in Resources */ = {isa = PBXBuildFile; fileRef = AA24EEC51BF5A91800112A63 /* et-line_e021(0)_48.png */; };
		AA24EED11BF5ABB700112A63 /* alert_high.png in Resources */ = {isa = PBXBuildFile; fileRef = AA24EEC71BF5ABB700112A63 /* alert_high.png */; };
		AA24EED31BF5ABB700112A63 /* home_high.png in Resources */ = {isa = PBXBuildFile; fileRef = AA24EEC91BF5ABB700112A63 /* home_high.png */; };
		AA24EED51BF5ABB700112A63 /* ranking_high.png in Resources */ = {isa = PBXBuildFile; fileRef = AA24EECB1BF5ABB700112A63 /* ranking_high.png */; };
		AA24EED71BF5ABB700112A63 /* search_high.png in Resources */ = {isa = PBXBuildFile; fileRef = AA24EECD1BF5ABB700112A63 /* search_high.png */; };
		AA24EED91BF5ABB700112A63 /* user_high.png in Resources */ = {isa = PBXBuildFile; fileRef = AA24EECF1BF5ABB700112A63 /* user_high.png */; };
		AA24EEDC1BF5AE2800112A63 /* SearchTableViewController.swift in Sources */ = {isa = PBXBuildFile; fileRef = AA24EEDB1BF5AE2800112A63 /* SearchTableViewController.swift */; };
		AA24EEDF1BF5AE8300112A63 /* SearchTableViewCell.swift in Sources */ = {isa = PBXBuildFile; fileRef = AA24EEDD1BF5AE8300112A63 /* SearchTableViewCell.swift */; };
		AA24EEE01BF5AE8300112A63 /* SearchTableViewCell.xib in Resources */ = {isa = PBXBuildFile; fileRef = AA24EEDE1BF5AE8300112A63 /* SearchTableViewCell.xib */; };
		AA24EEE61BF5BA6E00112A63 /* alert.png in Resources */ = {isa = PBXBuildFile; fileRef = AA24EEE11BF5BA6E00112A63 /* alert.png */; };
		AA24EEE71BF5BA6E00112A63 /* home.png in Resources */ = {isa = PBXBuildFile; fileRef = AA24EEE21BF5BA6E00112A63 /* home.png */; };
		AA24EEE81BF5BA6E00112A63 /* ranking.png in Resources */ = {isa = PBXBuildFile; fileRef = AA24EEE31BF5BA6E00112A63 /* ranking.png */; };
		AA24EEE91BF5BA6E00112A63 /* search.png in Resources */ = {isa = PBXBuildFile; fileRef = AA24EEE41BF5BA6E00112A63 /* search.png */; };
		AA24EEEA1BF5BA6E00112A63 /* user.png in Resources */ = {isa = PBXBuildFile; fileRef = AA24EEE51BF5BA6E00112A63 /* user.png */; };
/* End PBXBuildFile section */

/* Begin PBXContainerItemProxy section */
		AA24EE671BF4E9EE00112A63 /* PBXContainerItemProxy */ = {
			isa = PBXContainerItemProxy;
			containerPortal = AA24EE471BF4E9EE00112A63 /* Project object */;
			proxyType = 1;
			remoteGlobalIDString = AA24EE4E1BF4E9EE00112A63;
			remoteInfo = Shokugy;
		};
		AA24EE721BF4E9EE00112A63 /* PBXContainerItemProxy */ = {
			isa = PBXContainerItemProxy;
			containerPortal = AA24EE471BF4E9EE00112A63 /* Project object */;
			proxyType = 1;
			remoteGlobalIDString = AA24EE4E1BF4E9EE00112A63;
			remoteInfo = Shokugy;
		};
/* End PBXContainerItemProxy section */

/* Begin PBXFileReference section */
		AA24EE4F1BF4E9EE00112A63 /* Shokugy.app */ = {isa = PBXFileReference; explicitFileType = wrapper.application; includeInIndex = 0; path = Shokugy.app; sourceTree = BUILT_PRODUCTS_DIR; };
		AA24EE521BF4E9EE00112A63 /* AppDelegate.swift */ = {isa = PBXFileReference; lastKnownFileType = sourcecode.swift; path = AppDelegate.swift; sourceTree = "<group>"; };
		AA24EE571BF4E9EE00112A63 /* Base */ = {isa = PBXFileReference; lastKnownFileType = file.storyboard; name = Base; path = Base.lproj/Main.storyboard; sourceTree = "<group>"; };
		AA24EE5A1BF4E9EE00112A63 /* Shokugy.xcdatamodel */ = {isa = PBXFileReference; lastKnownFileType = wrapper.xcdatamodel; path = Shokugy.xcdatamodel; sourceTree = "<group>"; };
		AA24EE5C1BF4E9EE00112A63 /* Assets.xcassets */ = {isa = PBXFileReference; lastKnownFileType = folder.assetcatalog; path = Assets.xcassets; sourceTree = "<group>"; };
		AA24EE5F1BF4E9EE00112A63 /* Base */ = {isa = PBXFileReference; lastKnownFileType = file.storyboard; name = Base; path = Base.lproj/LaunchScreen.storyboard; sourceTree = "<group>"; };
		AA24EE611BF4E9EE00112A63 /* Info.plist */ = {isa = PBXFileReference; lastKnownFileType = text.plist.xml; path = Info.plist; sourceTree = "<group>"; };
		AA24EE661BF4E9EE00112A63 /* ShokugyTests.xctest */ = {isa = PBXFileReference; explicitFileType = wrapper.cfbundle; includeInIndex = 0; path = ShokugyTests.xctest; sourceTree = BUILT_PRODUCTS_DIR; };
		AA24EE6A1BF4E9EE00112A63 /* ShokugyTests.swift */ = {isa = PBXFileReference; lastKnownFileType = sourcecode.swift; path = ShokugyTests.swift; sourceTree = "<group>"; };
		AA24EE6C1BF4E9EE00112A63 /* Info.plist */ = {isa = PBXFileReference; lastKnownFileType = text.plist.xml; path = Info.plist; sourceTree = "<group>"; };
		AA24EE711BF4E9EE00112A63 /* ShokugyUITests.xctest */ = {isa = PBXFileReference; explicitFileType = wrapper.cfbundle; includeInIndex = 0; path = ShokugyUITests.xctest; sourceTree = BUILT_PRODUCTS_DIR; };
		AA24EE751BF4E9EE00112A63 /* ShokugyUITests.swift */ = {isa = PBXFileReference; lastKnownFileType = sourcecode.swift; path = ShokugyUITests.swift; sourceTree = "<group>"; };
		AA24EE771BF4E9EE00112A63 /* Info.plist */ = {isa = PBXFileReference; lastKnownFileType = text.plist.xml; path = Info.plist; sourceTree = "<group>"; };
		AA24EE861BF58D3200112A63 /* HomeTableViewController.swift */ = {isa = PBXFileReference; fileEncoding = 4; lastKnownFileType = sourcecode.swift; path = HomeTableViewController.swift; sourceTree = "<group>"; };
		AA24EE8B1BF58FCD00112A63 /* HomeTableViewCell.swift */ = {isa = PBXFileReference; fileEncoding = 4; lastKnownFileType = sourcecode.swift; path = HomeTableViewCell.swift; sourceTree = "<group>"; };
		AA24EE8C1BF58FCD00112A63 /* HomeTableViewCell.xib */ = {isa = PBXFileReference; fileEncoding = 4; lastKnownFileType = file.xib; path = HomeTableViewCell.xib; sourceTree = "<group>"; };
		AA24EEAF1BF5A7E800112A63 /* RAMBounceAnimation.swift */ = {isa = PBXFileReference; fileEncoding = 4; lastKnownFileType = sourcecode.swift; path = RAMBounceAnimation.swift; sourceTree = "<group>"; };
		AA24EEB11BF5A7E800112A63 /* RAMFrameItemAnimation.swift */ = {isa = PBXFileReference; fileEncoding = 4; lastKnownFileType = sourcecode.swift; path = RAMFrameItemAnimation.swift; sourceTree = "<group>"; };
		AA24EEB31BF5A7E800112A63 /* RAMFumeAnimation.swift */ = {isa = PBXFileReference; fileEncoding = 4; lastKnownFileType = sourcecode.swift; path = RAMFumeAnimation.swift; sourceTree = "<group>"; };
		AA24EEB51BF5A7E800112A63 /* RAMRotationAnimation.swift */ = {isa = PBXFileReference; fileEncoding = 4; lastKnownFileType = sourcecode.swift; path = RAMRotationAnimation.swift; sourceTree = "<group>"; };
		AA24EEB71BF5A7E800112A63 /* RAMTransitionItemAnimation.swift */ = {isa = PBXFileReference; fileEncoding = 4; lastKnownFileType = sourcecode.swift; path = RAMTransitionItemAnimation.swift; sourceTree = "<group>"; };
		AA24EEB81BF5A7E800112A63 /* RAMAnimatedTabBarController.swift */ = {isa = PBXFileReference; fileEncoding = 4; lastKnownFileType = sourcecode.swift; path = RAMAnimatedTabBarController.swift; sourceTree = "<group>"; };
		AA24EEB91BF5A7E800112A63 /* RAMItemAnimationProtocol.swift */ = {isa = PBXFileReference; fileEncoding = 4; lastKnownFileType = sourcecode.swift; path = RAMItemAnimationProtocol.swift; sourceTree = "<group>"; };
		AA24EEC11BF5A89100112A63 /* et-line_e03b(0)_48.png */ = {isa = PBXFileReference; lastKnownFileType = image.png; path = "et-line_e03b(0)_48.png"; sourceTree = "<group>"; };
		AA24EEC51BF5A91800112A63 /* et-line_e021(0)_48.png */ = {isa = PBXFileReference; lastKnownFileType = image.png; path = "et-line_e021(0)_48.png"; sourceTree = "<group>"; };
		AA24EEC71BF5ABB700112A63 /* alert_high.png */ = {isa = PBXFileReference; lastKnownFileType = image.png; path = alert_high.png; sourceTree = "<group>"; };
		AA24EEC91BF5ABB700112A63 /* home_high.png */ = {isa = PBXFileReference; lastKnownFileType = image.png; path = home_high.png; sourceTree = "<group>"; };
		AA24EECB1BF5ABB700112A63 /* ranking_high.png */ = {isa = PBXFileReference; lastKnownFileType = image.png; path = ranking_high.png; sourceTree = "<group>"; };
		AA24EECD1BF5ABB700112A63 /* search_high.png */ = {isa = PBXFileReference; lastKnownFileType = image.png; path = search_high.png; sourceTree = "<group>"; };
		AA24EECF1BF5ABB700112A63 /* user_high.png */ = {isa = PBXFileReference; lastKnownFileType = image.png; path = user_high.png; sourceTree = "<group>"; };
		AA24EEDB1BF5AE2800112A63 /* SearchTableViewController.swift */ = {isa = PBXFileReference; fileEncoding = 4; lastKnownFileType = sourcecode.swift; path = SearchTableViewController.swift; sourceTree = "<group>"; };
		AA24EEDD1BF5AE8300112A63 /* SearchTableViewCell.swift */ = {isa = PBXFileReference; fileEncoding = 4; lastKnownFileType = sourcecode.swift; path = SearchTableViewCell.swift; sourceTree = "<group>"; };
		AA24EEDE1BF5AE8300112A63 /* SearchTableViewCell.xib */ = {isa = PBXFileReference; fileEncoding = 4; lastKnownFileType = file.xib; path = SearchTableViewCell.xib; sourceTree = "<group>"; };
		AA24EEE11BF5BA6E00112A63 /* alert.png */ = {isa = PBXFileReference; lastKnownFileType = image.png; path = alert.png; sourceTree = "<group>"; };
		AA24EEE21BF5BA6E00112A63 /* home.png */ = {isa = PBXFileReference; lastKnownFileType = image.png; path = home.png; sourceTree = "<group>"; };
		AA24EEE31BF5BA6E00112A63 /* ranking.png */ = {isa = PBXFileReference; lastKnownFileType = image.png; path = ranking.png; sourceTree = "<group>"; };
		AA24EEE41BF5BA6E00112A63 /* search.png */ = {isa = PBXFileReference; lastKnownFileType = image.png; path = search.png; sourceTree = "<group>"; };
		AA24EEE51BF5BA6E00112A63 /* user.png */ = {isa = PBXFileReference; lastKnownFileType = image.png; path = user.png; sourceTree = "<group>"; };
/* End PBXFileReference section */

/* Begin PBXFrameworksBuildPhase section */
		AA24EE4C1BF4E9EE00112A63 /* Frameworks */ = {
			isa = PBXFrameworksBuildPhase;
			buildActionMask = 2147483647;
			files = (
			);
			runOnlyForDeploymentPostprocessing = 0;
		};
		AA24EE631BF4E9EE00112A63 /* Frameworks */ = {
			isa = PBXFrameworksBuildPhase;
			buildActionMask = 2147483647;
			files = (
			);
			runOnlyForDeploymentPostprocessing = 0;
		};
		AA24EE6E1BF4E9EE00112A63 /* Frameworks */ = {
			isa = PBXFrameworksBuildPhase;
			buildActionMask = 2147483647;
			files = (
			);
			runOnlyForDeploymentPostprocessing = 0;
		};
/* End PBXFrameworksBuildPhase section */

/* Begin PBXGroup section */
		AA24EE461BF4E9EE00112A63 = {
			isa = PBXGroup;
			children = (
				AA24EE511BF4E9EE00112A63 /* Shokugy */,
				AA24EE691BF4E9EE00112A63 /* ShokugyTests */,
				AA24EE741BF4E9EE00112A63 /* ShokugyUITests */,
				AA24EE501BF4E9EE00112A63 /* Products */,
				AA24EEAC1BF5A7E800112A63 /* RAMAnimatedTabBarController */,
			);
			sourceTree = "<group>";
		};
		AA24EE501BF4E9EE00112A63 /* Products */ = {
			isa = PBXGroup;
			children = (
				AA24EE4F1BF4E9EE00112A63 /* Shokugy.app */,
				AA24EE661BF4E9EE00112A63 /* ShokugyTests.xctest */,
				AA24EE711BF4E9EE00112A63 /* ShokugyUITests.xctest */,
			);
			name = Products;
			sourceTree = "<group>";
		};
		AA24EE511BF4E9EE00112A63 /* Shokugy */ = {
			isa = PBXGroup;
			children = (
				AA24EE521BF4E9EE00112A63 /* AppDelegate.swift */,
				AA24EE561BF4E9EE00112A63 /* Main.storyboard */,
				AA24EE851BF4EC5300112A63 /* Model */,
				AA24EE841BF4EC4C00112A63 /* Controller */,
				AA24EE831BF4EC4700112A63 /* View */,
				AA24EE5C1BF4E9EE00112A63 /* Assets.xcassets */,
				AA24EE5E1BF4E9EE00112A63 /* LaunchScreen.storyboard */,
				AA24EE611BF4E9EE00112A63 /* Info.plist */,
				AA24EE591BF4E9EE00112A63 /* Shokugy.xcdatamodeld */,
				AA24EE8A1BF58ED000112A63 /* images */,
			);
			path = Shokugy;
			sourceTree = "<group>";
		};
		AA24EE691BF4E9EE00112A63 /* ShokugyTests */ = {
			isa = PBXGroup;
			children = (
				AA24EE6A1BF4E9EE00112A63 /* ShokugyTests.swift */,
				AA24EE6C1BF4E9EE00112A63 /* Info.plist */,
			);
			path = ShokugyTests;
			sourceTree = "<group>";
		};
		AA24EE741BF4E9EE00112A63 /* ShokugyUITests */ = {
			isa = PBXGroup;
			children = (
				AA24EE751BF4E9EE00112A63 /* ShokugyUITests.swift */,
				AA24EE771BF4E9EE00112A63 /* Info.plist */,
			);
			path = ShokugyUITests;
			sourceTree = "<group>";
		};
		AA24EE831BF4EC4700112A63 /* View */ = {
			isa = PBXGroup;
			children = (
				AA24EE8B1BF58FCD00112A63 /* HomeTableViewCell.swift */,
				AA24EE8C1BF58FCD00112A63 /* HomeTableViewCell.xib */,
				AA24EEDD1BF5AE8300112A63 /* SearchTableViewCell.swift */,
				AA24EEDE1BF5AE8300112A63 /* SearchTableViewCell.xib */,
			);
			name = View;
			sourceTree = "<group>";
		};
		AA24EE841BF4EC4C00112A63 /* Controller */ = {
			isa = PBXGroup;
			children = (
				AA24EE861BF58D3200112A63 /* HomeTableViewController.swift */,
				AA24EEDB1BF5AE2800112A63 /* SearchTableViewController.swift */,
			);
			name = Controller;
			sourceTree = "<group>";
		};
		AA24EE851BF4EC5300112A63 /* Model */ = {
			isa = PBXGroup;
			children = (
			);
			name = Model;
			sourceTree = "<group>";
		};
		AA24EE8A1BF58ED000112A63 /* images */ = {
			isa = PBXGroup;
			children = (
				AA24EEC71BF5ABB700112A63 /* alert_high.png */,
				AA24EEC91BF5ABB700112A63 /* home_high.png */,
				AA24EECB1BF5ABB700112A63 /* ranking_high.png */,
				AA24EECD1BF5ABB700112A63 /* search_high.png */,
				AA24EECF1BF5ABB700112A63 /* user_high.png */,
				AA24EEE11BF5BA6E00112A63 /* alert.png */,
				AA24EEE21BF5BA6E00112A63 /* home.png */,
				AA24EEE31BF5BA6E00112A63 /* ranking.png */,
				AA24EEE41BF5BA6E00112A63 /* search.png */,
				AA24EEE51BF5BA6E00112A63 /* user.png */,
				AA24EEC51BF5A91800112A63 /* et-line_e021(0)_48.png */,
				AA24EEC11BF5A89100112A63 /* et-line_e03b(0)_48.png */,
			);
			name = images;
			sourceTree = "<group>";
		};
		AA24EEAC1BF5A7E800112A63 /* RAMAnimatedTabBarController */ = {
			isa = PBXGroup;
			children = (
				AA24EEAD1BF5A7E800112A63 /* Animations */,
				AA24EEB81BF5A7E800112A63 /* RAMAnimatedTabBarController.swift */,
				AA24EEB91BF5A7E800112A63 /* RAMItemAnimationProtocol.swift */,
			);
			path = RAMAnimatedTabBarController;
			sourceTree = "<group>";
		};
		AA24EEAD1BF5A7E800112A63 /* Animations */ = {
			isa = PBXGroup;
			children = (
				AA24EEAE1BF5A7E800112A63 /* BounceAnimation */,
				AA24EEB01BF5A7E800112A63 /* FrameAnimation */,
				AA24EEB21BF5A7E800112A63 /* FumeAnimation */,
				AA24EEB41BF5A7E800112A63 /* RotationAnimation */,
				AA24EEB61BF5A7E800112A63 /* TransitionAniamtions */,
			);
			path = Animations;
			sourceTree = "<group>";
		};
		AA24EEAE1BF5A7E800112A63 /* BounceAnimation */ = {
			isa = PBXGroup;
			children = (
				AA24EEAF1BF5A7E800112A63 /* RAMBounceAnimation.swift */,
			);
			path = BounceAnimation;
			sourceTree = "<group>";
		};
		AA24EEB01BF5A7E800112A63 /* FrameAnimation */ = {
			isa = PBXGroup;
			children = (
				AA24EEB11BF5A7E800112A63 /* RAMFrameItemAnimation.swift */,
			);
			path = FrameAnimation;
			sourceTree = "<group>";
		};
		AA24EEB21BF5A7E800112A63 /* FumeAnimation */ = {
			isa = PBXGroup;
			children = (
				AA24EEB31BF5A7E800112A63 /* RAMFumeAnimation.swift */,
			);
			path = FumeAnimation;
			sourceTree = "<group>";
		};
		AA24EEB41BF5A7E800112A63 /* RotationAnimation */ = {
			isa = PBXGroup;
			children = (
				AA24EEB51BF5A7E800112A63 /* RAMRotationAnimation.swift */,
			);
			path = RotationAnimation;
			sourceTree = "<group>";
		};
		AA24EEB61BF5A7E800112A63 /* TransitionAniamtions */ = {
			isa = PBXGroup;
			children = (
				AA24EEB71BF5A7E800112A63 /* RAMTransitionItemAnimation.swift */,
			);
			path = TransitionAniamtions;
			sourceTree = "<group>";
		};
/* End PBXGroup section */

/* Begin PBXNativeTarget section */
		AA24EE4E1BF4E9EE00112A63 /* Shokugy */ = {
			isa = PBXNativeTarget;
			buildConfigurationList = AA24EE7A1BF4E9EE00112A63 /* Build configuration list for PBXNativeTarget "Shokugy" */;
			buildPhases = (
				AA24EE4B1BF4E9EE00112A63 /* Sources */,
				AA24EE4C1BF4E9EE00112A63 /* Frameworks */,
				AA24EE4D1BF4E9EE00112A63 /* Resources */,
			);
			buildRules = (
			);
			dependencies = (
			);
			name = Shokugy;
			productName = Shokugy;
			productReference = AA24EE4F1BF4E9EE00112A63 /* Shokugy.app */;
			productType = "com.apple.product-type.application";
		};
		AA24EE651BF4E9EE00112A63 /* ShokugyTests */ = {
			isa = PBXNativeTarget;
			buildConfigurationList = AA24EE7D1BF4E9EE00112A63 /* Build configuration list for PBXNativeTarget "ShokugyTests" */;
			buildPhases = (
				AA24EE621BF4E9EE00112A63 /* Sources */,
				AA24EE631BF4E9EE00112A63 /* Frameworks */,
				AA24EE641BF4E9EE00112A63 /* Resources */,
			);
			buildRules = (
			);
			dependencies = (
				AA24EE681BF4E9EE00112A63 /* PBXTargetDependency */,
			);
			name = ShokugyTests;
			productName = ShokugyTests;
			productReference = AA24EE661BF4E9EE00112A63 /* ShokugyTests.xctest */;
			productType = "com.apple.product-type.bundle.unit-test";
		};
		AA24EE701BF4E9EE00112A63 /* ShokugyUITests */ = {
			isa = PBXNativeTarget;
			buildConfigurationList = AA24EE801BF4E9EE00112A63 /* Build configuration list for PBXNativeTarget "ShokugyUITests" */;
			buildPhases = (
				AA24EE6D1BF4E9EE00112A63 /* Sources */,
				AA24EE6E1BF4E9EE00112A63 /* Frameworks */,
				AA24EE6F1BF4E9EE00112A63 /* Resources */,
			);
			buildRules = (
			);
			dependencies = (
				AA24EE731BF4E9EE00112A63 /* PBXTargetDependency */,
			);
			name = ShokugyUITests;
			productName = ShokugyUITests;
			productReference = AA24EE711BF4E9EE00112A63 /* ShokugyUITests.xctest */;
			productType = "com.apple.product-type.bundle.ui-testing";
		};
/* End PBXNativeTarget section */

/* Begin PBXProject section */
		AA24EE471BF4E9EE00112A63 /* Project object */ = {
			isa = PBXProject;
			attributes = {
				LastSwiftUpdateCheck = 0710;
				LastUpgradeCheck = 0710;
				ORGANIZATIONNAME = Shokugy;
				TargetAttributes = {
					AA24EE4E1BF4E9EE00112A63 = {
						CreatedOnToolsVersion = 7.1.1;
						DevelopmentTeam = XUC6543MQ8;
					};
					AA24EE651BF4E9EE00112A63 = {
						CreatedOnToolsVersion = 7.1.1;
						DevelopmentTeam = XUC6543MQ8;
						TestTargetID = AA24EE4E1BF4E9EE00112A63;
					};
					AA24EE701BF4E9EE00112A63 = {
						CreatedOnToolsVersion = 7.1.1;
						DevelopmentTeam = XUC6543MQ8;
						TestTargetID = AA24EE4E1BF4E9EE00112A63;
					};
				};
			};
			buildConfigurationList = AA24EE4A1BF4E9EE00112A63 /* Build configuration list for PBXProject "Shokugy" */;
			compatibilityVersion = "Xcode 3.2";
			developmentRegion = English;
			hasScannedForEncodings = 0;
			knownRegions = (
				en,
				Base,
			);
			mainGroup = AA24EE461BF4E9EE00112A63;
			productRefGroup = AA24EE501BF4E9EE00112A63 /* Products */;
			projectDirPath = "";
			projectRoot = "";
			targets = (
				AA24EE4E1BF4E9EE00112A63 /* Shokugy */,
				AA24EE651BF4E9EE00112A63 /* ShokugyTests */,
				AA24EE701BF4E9EE00112A63 /* ShokugyUITests */,
			);
		};
/* End PBXProject section */

/* Begin PBXResourcesBuildPhase section */
		AA24EE4D1BF4E9EE00112A63 /* Resources */ = {
			isa = PBXResourcesBuildPhase;
			buildActionMask = 2147483647;
			files = (
				AA24EE601BF4E9EE00112A63 /* LaunchScreen.storyboard in Resources */,
				AA24EEC61BF5A91800112A63 /* et-line_e021(0)_48.png in Resources */,
				AA24EEE71BF5BA6E00112A63 /* home.png in Resources */,
				AA24EEE91BF5BA6E00112A63 /* search.png in Resources */,
				AA24EE5D1BF4E9EE00112A63 /* Assets.xcassets in Resources */,
				AA24EED11BF5ABB700112A63 /* alert_high.png in Resources */,
				AA24EED91BF5ABB700112A63 /* user_high.png in Resources */,
				AA24EEE01BF5AE8300112A63 /* SearchTableViewCell.xib in Resources */,
				AA24EED31BF5ABB700112A63 /* home_high.png in Resources */,
				AA24EEE81BF5BA6E00112A63 /* ranking.png in Resources */,
				AA24EED51BF5ABB700112A63 /* ranking_high.png in Resources */,
				AA24EE581BF4E9EE00112A63 /* Main.storyboard in Resources */,
				AA24EE8E1BF58FCD00112A63 /* HomeTableViewCell.xib in Resources */,
				AA24EEE61BF5BA6E00112A63 /* alert.png in Resources */,
				AA24EEEA1BF5BA6E00112A63 /* user.png in Resources */,
				AA24EED71BF5ABB700112A63 /* search_high.png in Resources */,
				AA24EEC31BF5A89100112A63 /* et-line_e03b(0)_48.png in Resources */,
			);
			runOnlyForDeploymentPostprocessing = 0;
		};
		AA24EE641BF4E9EE00112A63 /* Resources */ = {
			isa = PBXResourcesBuildPhase;
			buildActionMask = 2147483647;
			files = (
			);
			runOnlyForDeploymentPostprocessing = 0;
		};
		AA24EE6F1BF4E9EE00112A63 /* Resources */ = {
			isa = PBXResourcesBuildPhase;
			buildActionMask = 2147483647;
			files = (
			);
			runOnlyForDeploymentPostprocessing = 0;
		};
/* End PBXResourcesBuildPhase section */

/* Begin PBXSourcesBuildPhase section */
		AA24EE4B1BF4E9EE00112A63 /* Sources */ = {
			isa = PBXSourcesBuildPhase;
			buildActionMask = 2147483647;
			files = (
				AA24EEC01BF5A7E800112A63 /* RAMItemAnimationProtocol.swift in Sources */,
				AA24EE871BF58D3200112A63 /* HomeTableViewController.swift in Sources */,
				AA24EEBF1BF5A7E800112A63 /* RAMAnimatedTabBarController.swift in Sources */,
				AA24EEBE1BF5A7E800112A63 /* RAMTransitionItemAnimation.swift in Sources */,
				AA24EEBC1BF5A7E800112A63 /* RAMFumeAnimation.swift in Sources */,
				AA24EE531BF4E9EE00112A63 /* AppDelegate.swift in Sources */,
				AA24EEBA1BF5A7E800112A63 /* RAMBounceAnimation.swift in Sources */,
				AA24EEDC1BF5AE2800112A63 /* SearchTableViewController.swift in Sources */,
				AA24EEDF1BF5AE8300112A63 /* SearchTableViewCell.swift in Sources */,
				AA24EE8D1BF58FCD00112A63 /* HomeTableViewCell.swift in Sources */,
				AA24EEBD1BF5A7E800112A63 /* RAMRotationAnimation.swift in Sources */,
				AA24EEBB1BF5A7E800112A63 /* RAMFrameItemAnimation.swift in Sources */,
				AA24EE5B1BF4E9EE00112A63 /* Shokugy.xcdatamodeld in Sources */,
			);
			runOnlyForDeploymentPostprocessing = 0;
		};
		AA24EE621BF4E9EE00112A63 /* Sources */ = {
			isa = PBXSourcesBuildPhase;
			buildActionMask = 2147483647;
			files = (
				AA24EE6B1BF4E9EE00112A63 /* ShokugyTests.swift in Sources */,
			);
			runOnlyForDeploymentPostprocessing = 0;
		};
		AA24EE6D1BF4E9EE00112A63 /* Sources */ = {
			isa = PBXSourcesBuildPhase;
			buildActionMask = 2147483647;
			files = (
				AA24EE761BF4E9EE00112A63 /* ShokugyUITests.swift in Sources */,
			);
			runOnlyForDeploymentPostprocessing = 0;
		};
/* End PBXSourcesBuildPhase section */

/* Begin PBXTargetDependency section */
		AA24EE681BF4E9EE00112A63 /* PBXTargetDependency */ = {
			isa = PBXTargetDependency;
			target = AA24EE4E1BF4E9EE00112A63 /* Shokugy */;
			targetProxy = AA24EE671BF4E9EE00112A63 /* PBXContainerItemProxy */;
		};
		AA24EE731BF4E9EE00112A63 /* PBXTargetDependency */ = {
			isa = PBXTargetDependency;
			target = AA24EE4E1BF4E9EE00112A63 /* Shokugy */;
			targetProxy = AA24EE721BF4E9EE00112A63 /* PBXContainerItemProxy */;
		};
/* End PBXTargetDependency section */

/* Begin PBXVariantGroup section */
		AA24EE561BF4E9EE00112A63 /* Main.storyboard */ = {
			isa = PBXVariantGroup;
			children = (
				AA24EE571BF4E9EE00112A63 /* Base */,
			);
			name = Main.storyboard;
			sourceTree = "<group>";
		};
		AA24EE5E1BF4E9EE00112A63 /* LaunchScreen.storyboard */ = {
			isa = PBXVariantGroup;
			children = (
				AA24EE5F1BF4E9EE00112A63 /* Base */,
			);
			name = LaunchScreen.storyboard;
			sourceTree = "<group>";
		};
/* End PBXVariantGroup section */

/* Begin XCBuildConfiguration section */
		AA24EE781BF4E9EE00112A63 /* Debug */ = {
			isa = XCBuildConfiguration;
			buildSettings = {
				ALWAYS_SEARCH_USER_PATHS = NO;
				CLANG_CXX_LANGUAGE_STANDARD = "gnu++0x";
				CLANG_CXX_LIBRARY = "libc++";
				CLANG_ENABLE_MODULES = YES;
				CLANG_ENABLE_OBJC_ARC = YES;
				CLANG_WARN_BOOL_CONVERSION = YES;
				CLANG_WARN_CONSTANT_CONVERSION = YES;
				CLANG_WARN_DIRECT_OBJC_ISA_USAGE = YES_ERROR;
				CLANG_WARN_EMPTY_BODY = YES;
				CLANG_WARN_ENUM_CONVERSION = YES;
				CLANG_WARN_INT_CONVERSION = YES;
				CLANG_WARN_OBJC_ROOT_CLASS = YES_ERROR;
				CLANG_WARN_UNREACHABLE_CODE = YES;
				CLANG_WARN__DUPLICATE_METHOD_MATCH = YES;
				"CODE_SIGN_IDENTITY[sdk=iphoneos*]" = "iPhone Developer";
				COPY_PHASE_STRIP = NO;
				DEBUG_INFORMATION_FORMAT = dwarf;
				ENABLE_STRICT_OBJC_MSGSEND = YES;
				ENABLE_TESTABILITY = YES;
				GCC_C_LANGUAGE_STANDARD = gnu99;
				GCC_DYNAMIC_NO_PIC = NO;
				GCC_NO_COMMON_BLOCKS = YES;
				GCC_OPTIMIZATION_LEVEL = 0;
				GCC_PREPROCESSOR_DEFINITIONS = (
					"DEBUG=1",
					"$(inherited)",
				);
				GCC_WARN_64_TO_32_BIT_CONVERSION = YES;
				GCC_WARN_ABOUT_RETURN_TYPE = YES_ERROR;
				GCC_WARN_UNDECLARED_SELECTOR = YES;
				GCC_WARN_UNINITIALIZED_AUTOS = YES_AGGRESSIVE;
				GCC_WARN_UNUSED_FUNCTION = YES;
				GCC_WARN_UNUSED_VARIABLE = YES;
				IPHONEOS_DEPLOYMENT_TARGET = 9.1;
				MTL_ENABLE_DEBUG_INFO = YES;
				ONLY_ACTIVE_ARCH = YES;
				SDKROOT = iphoneos;
				SWIFT_OPTIMIZATION_LEVEL = "-Onone";
			};
			name = Debug;
		};
		AA24EE791BF4E9EE00112A63 /* Release */ = {
			isa = XCBuildConfiguration;
			buildSettings = {
				ALWAYS_SEARCH_USER_PATHS = NO;
				CLANG_CXX_LANGUAGE_STANDARD = "gnu++0x";
				CLANG_CXX_LIBRARY = "libc++";
				CLANG_ENABLE_MODULES = YES;
				CLANG_ENABLE_OBJC_ARC = YES;
				CLANG_WARN_BOOL_CONVERSION = YES;
				CLANG_WARN_CONSTANT_CONVERSION = YES;
				CLANG_WARN_DIRECT_OBJC_ISA_USAGE = YES_ERROR;
				CLANG_WARN_EMPTY_BODY = YES;
				CLANG_WARN_ENUM_CONVERSION = YES;
				CLANG_WARN_INT_CONVERSION = YES;
				CLANG_WARN_OBJC_ROOT_CLASS = YES_ERROR;
				CLANG_WARN_UNREACHABLE_CODE = YES;
				CLANG_WARN__DUPLICATE_METHOD_MATCH = YES;
				"CODE_SIGN_IDENTITY[sdk=iphoneos*]" = "iPhone Developer";
				COPY_PHASE_STRIP = NO;
				DEBUG_INFORMATION_FORMAT = "dwarf-with-dsym";
				ENABLE_NS_ASSERTIONS = NO;
				ENABLE_STRICT_OBJC_MSGSEND = YES;
				GCC_C_LANGUAGE_STANDARD = gnu99;
				GCC_NO_COMMON_BLOCKS = YES;
				GCC_WARN_64_TO_32_BIT_CONVERSION = YES;
				GCC_WARN_ABOUT_RETURN_TYPE = YES_ERROR;
				GCC_WARN_UNDECLARED_SELECTOR = YES;
				GCC_WARN_UNINITIALIZED_AUTOS = YES_AGGRESSIVE;
				GCC_WARN_UNUSED_FUNCTION = YES;
				GCC_WARN_UNUSED_VARIABLE = YES;
				IPHONEOS_DEPLOYMENT_TARGET = 9.1;
				MTL_ENABLE_DEBUG_INFO = NO;
				SDKROOT = iphoneos;
				VALIDATE_PRODUCT = YES;
			};
			name = Release;
		};
		AA24EE7B1BF4E9EE00112A63 /* Debug */ = {
			isa = XCBuildConfiguration;
			buildSettings = {
				ASSETCATALOG_COMPILER_APPICON_NAME = AppIcon;
				INFOPLIST_FILE = Shokugy/Info.plist;
				LD_RUNPATH_SEARCH_PATHS = "$(inherited) @executable_path/Frameworks";
				PRODUCT_BUNDLE_IDENTIFIER = com.ygukohs.Shokugy;
				PRODUCT_NAME = "$(TARGET_NAME)";
			};
			name = Debug;
		};
		AA24EE7C1BF4E9EE00112A63 /* Release */ = {
			isa = XCBuildConfiguration;
			buildSettings = {
				ASSETCATALOG_COMPILER_APPICON_NAME = AppIcon;
				INFOPLIST_FILE = Shokugy/Info.plist;
				LD_RUNPATH_SEARCH_PATHS = "$(inherited) @executable_path/Frameworks";
				PRODUCT_BUNDLE_IDENTIFIER = com.ygukohs.Shokugy;
				PRODUCT_NAME = "$(TARGET_NAME)";
			};
			name = Release;
		};
		AA24EE7E1BF4E9EE00112A63 /* Debug */ = {
			isa = XCBuildConfiguration;
			buildSettings = {
				BUNDLE_LOADER = "$(TEST_HOST)";
				INFOPLIST_FILE = ShokugyTests/Info.plist;
				LD_RUNPATH_SEARCH_PATHS = "$(inherited) @executable_path/Frameworks @loader_path/Frameworks";
				PRODUCT_BUNDLE_IDENTIFIER = com.ygukohs.ShokugyTests;
				PRODUCT_NAME = "$(TARGET_NAME)";
				TEST_HOST = "$(BUILT_PRODUCTS_DIR)/Shokugy.app/Shokugy";
			};
			name = Debug;
		};
		AA24EE7F1BF4E9EE00112A63 /* Release */ = {
			isa = XCBuildConfiguration;
			buildSettings = {
				BUNDLE_LOADER = "$(TEST_HOST)";
				INFOPLIST_FILE = ShokugyTests/Info.plist;
				LD_RUNPATH_SEARCH_PATHS = "$(inherited) @executable_path/Frameworks @loader_path/Frameworks";
				PRODUCT_BUNDLE_IDENTIFIER = com.ygukohs.ShokugyTests;
				PRODUCT_NAME = "$(TARGET_NAME)";
				TEST_HOST = "$(BUILT_PRODUCTS_DIR)/Shokugy.app/Shokugy";
			};
			name = Release;
		};
		AA24EE811BF4E9EE00112A63 /* Debug */ = {
			isa = XCBuildConfiguration;
			buildSettings = {
				INFOPLIST_FILE = ShokugyUITests/Info.plist;
				LD_RUNPATH_SEARCH_PATHS = "$(inherited) @executable_path/Frameworks @loader_path/Frameworks";
				PRODUCT_BUNDLE_IDENTIFIER = com.ygukohs.ShokugyUITests;
				PRODUCT_NAME = "$(TARGET_NAME)";
				TEST_TARGET_NAME = Shokugy;
				USES_XCTRUNNER = YES;
			};
			name = Debug;
		};
		AA24EE821BF4E9EE00112A63 /* Release */ = {
			isa = XCBuildConfiguration;
			buildSettings = {
				INFOPLIST_FILE = ShokugyUITests/Info.plist;
				LD_RUNPATH_SEARCH_PATHS = "$(inherited) @executable_path/Frameworks @loader_path/Frameworks";
				PRODUCT_BUNDLE_IDENTIFIER = com.ygukohs.ShokugyUITests;
				PRODUCT_NAME = "$(TARGET_NAME)";
				TEST_TARGET_NAME = Shokugy;
				USES_XCTRUNNER = YES;
			};
			name = Release;
		};
/* End XCBuildConfiguration section */

/* Begin XCConfigurationList section */
		AA24EE4A1BF4E9EE00112A63 /* Build configuration list for PBXProject "Shokugy" */ = {
			isa = XCConfigurationList;
			buildConfigurations = (
				AA24EE781BF4E9EE00112A63 /* Debug */,
				AA24EE791BF4E9EE00112A63 /* Release */,
			);
			defaultConfigurationIsVisible = 0;
			defaultConfigurationName = Release;
		};
		AA24EE7A1BF4E9EE00112A63 /* Build configuration list for PBXNativeTarget "Shokugy" */ = {
			isa = XCConfigurationList;
			buildConfigurations = (
				AA24EE7B1BF4E9EE00112A63 /* Debug */,
				AA24EE7C1BF4E9EE00112A63 /* Release */,
			);
			defaultConfigurationIsVisible = 0;
		};
		AA24EE7D1BF4E9EE00112A63 /* Build configuration list for PBXNativeTarget "ShokugyTests" */ = {
			isa = XCConfigurationList;
			buildConfigurations = (
				AA24EE7E1BF4E9EE00112A63 /* Debug */,
				AA24EE7F1BF4E9EE00112A63 /* Release */,
			);
			defaultConfigurationIsVisible = 0;
		};
		AA24EE801BF4E9EE00112A63 /* Build configuration list for PBXNativeTarget "ShokugyUITests" */ = {
			isa = XCConfigurationList;
			buildConfigurations = (
				AA24EE811BF4E9EE00112A63 /* Debug */,
				AA24EE821BF4E9EE00112A63 /* Release */,
			);
			defaultConfigurationIsVisible = 0;
		};
/* End XCConfigurationList section */

/* Begin XCVersionGroup section */
		AA24EE591BF4E9EE00112A63 /* Shokugy.xcdatamodeld */ = {
			isa = XCVersionGroup;
			children = (
				AA24EE5A1BF4E9EE00112A63 /* Shokugy.xcdatamodel */,
			);
			currentVersion = AA24EE5A1BF4E9EE00112A63 /* Shokugy.xcdatamodel */;
			path = Shokugy.xcdatamodeld;
			sourceTree = "<group>";
			versionGroupType = wrapper.xcdatamodel;
		};
/* End XCVersionGroup section */
	};
	rootObject = AA24EE471BF4E9EE00112A63 /* Project object */;
}
