// !$*UTF8*$!
{
	archiveVersion = 1;
	classes = {
	};
	objectVersion = 46;
	objects = {

/* Begin PBXBuildFile section */
		54F11B06A97E41AF4F92BD74 /* Pods_Shokugy.framework in Frameworks */ = {isa = PBXBuildFile; fileRef = 08051B4FD27FE40E2802F353 /* Pods_Shokugy.framework */; };
		AA09CF501BF84BFF005CBD7C /* GoingMenberViewController.swift in Sources */ = {isa = PBXBuildFile; fileRef = AA09CF4F1BF84BFF005CBD7C /* GoingMenberViewController.swift */; };
		AA09CF521BF854AE005CBD7C /* pug.png in Resources */ = {isa = PBXBuildFile; fileRef = AA09CF511BF854AE005CBD7C /* pug.png */; };
		AA09CF541BF857BB005CBD7C /* StoreDetailViewController.swift in Sources */ = {isa = PBXBuildFile; fileRef = AA09CF531BF857BB005CBD7C /* StoreDetailViewController.swift */; };
		AA24EE531BF4E9EE00112A63 /* AppDelegate.swift in Sources */ = {isa = PBXBuildFile; fileRef = AA24EE521BF4E9EE00112A63 /* AppDelegate.swift */; };
		AA24EE581BF4E9EE00112A63 /* Main.storyboard in Resources */ = {isa = PBXBuildFile; fileRef = AA24EE561BF4E9EE00112A63 /* Main.storyboard */; };
		AA24EE5B1BF4E9EE00112A63 /* Shokugy.xcdatamodeld in Sources */ = {isa = PBXBuildFile; fileRef = AA24EE591BF4E9EE00112A63 /* Shokugy.xcdatamodeld */; };
		AA24EE5D1BF4E9EE00112A63 /* Assets.xcassets in Resources */ = {isa = PBXBuildFile; fileRef = AA24EE5C1BF4E9EE00112A63 /* Assets.xcassets */; };
		AA24EE601BF4E9EE00112A63 /* LaunchScreen.storyboard in Resources */ = {isa = PBXBuildFile; fileRef = AA24EE5E1BF4E9EE00112A63 /* LaunchScreen.storyboard */; };
		AA24EE6B1BF4E9EE00112A63 /* ShokugyTests.swift in Sources */ = {isa = PBXBuildFile; fileRef = AA24EE6A1BF4E9EE00112A63 /* ShokugyTests.swift */; };
		AA24EE761BF4E9EE00112A63 /* ShokugyUITests.swift in Sources */ = {isa = PBXBuildFile; fileRef = AA24EE751BF4E9EE00112A63 /* ShokugyUITests.swift */; };
		AA24EE871BF58D3200112A63 /* HomeTableViewController.swift in Sources */ = {isa = PBXBuildFile; fileRef = AA24EE861BF58D3200112A63 /* HomeTableViewController.swift */; };
		AA24EE8D1BF58FCD00112A63 /* HomeTableViewCell.swift in Sources */ = {isa = PBXBuildFile; fileRef = AA24EE8B1BF58FCD00112A63 /* HomeTableViewCell.swift */; };
		AA24EE8E1BF58FCD00112A63 /* HomeTableViewCell.xib in Resources */ = {isa = PBXBuildFile; fileRef = AA24EE8C1BF58FCD00112A63 /* HomeTableViewCell.xib */; };
		AA24EEBA1BF5A7E800112A63 /* RAMBounceAnimation.swift in Sources */ = {isa = PBXBuildFile; fileRef = AA24EEAF1BF5A7E800112A63 /* RAMBounceAnimation.swift */; };
		AA24EEBB1BF5A7E800112A63 /* RAMFrameItemAnimation.swift in Sources */ = {isa = PBXBuildFile; fileRef = AA24EEB11BF5A7E800112A63 /* RAMFrameItemAnimation.swift */; };
		AA24EEBC1BF5A7E800112A63 /* RAMFumeAnimation.swift in Sources */ = {isa = PBXBuildFile; fileRef = AA24EEB31BF5A7E800112A63 /* RAMFumeAnimation.swift */; };
		AA24EEBD1BF5A7E800112A63 /* RAMRotationAnimation.swift in Sources */ = {isa = PBXBuildFile; fileRef = AA24EEB51BF5A7E800112A63 /* RAMRotationAnimation.swift */; };
		AA24EEBE1BF5A7E800112A63 /* RAMTransitionItemAnimation.swift in Sources */ = {isa = PBXBuildFile; fileRef = AA24EEB71BF5A7E800112A63 /* RAMTransitionItemAnimation.swift */; };
		AA24EEBF1BF5A7E800112A63 /* RAMAnimatedTabBarController.swift in Sources */ = {isa = PBXBuildFile; fileRef = AA24EEB81BF5A7E800112A63 /* RAMAnimatedTabBarController.swift */; };
		AA24EEC01BF5A7E800112A63 /* RAMItemAnimationProtocol.swift in Sources */ = {isa = PBXBuildFile; fileRef = AA24EEB91BF5A7E800112A63 /* RAMItemAnimationProtocol.swift */; };
		AA24EED11BF5ABB700112A63 /* alert_high.png in Resources */ = {isa = PBXBuildFile; fileRef = AA24EEC71BF5ABB700112A63 /* alert_high.png */; };
		AA24EED31BF5ABB700112A63 /* home_high.png in Resources */ = {isa = PBXBuildFile; fileRef = AA24EEC91BF5ABB700112A63 /* home_high.png */; };
		AA24EED51BF5ABB700112A63 /* ranking_high.png in Resources */ = {isa = PBXBuildFile; fileRef = AA24EECB1BF5ABB700112A63 /* ranking_high.png */; };
		AA24EED71BF5ABB700112A63 /* search_high.png in Resources */ = {isa = PBXBuildFile; fileRef = AA24EECD1BF5ABB700112A63 /* search_high.png */; };
		AA24EED91BF5ABB700112A63 /* user_high.png in Resources */ = {isa = PBXBuildFile; fileRef = AA24EECF1BF5ABB700112A63 /* user_high.png */; };
		AA24EEDC1BF5AE2800112A63 /* SearchTableViewController.swift in Sources */ = {isa = PBXBuildFile; fileRef = AA24EEDB1BF5AE2800112A63 /* SearchTableViewController.swift */; };
		AA24EEDF1BF5AE8300112A63 /* SearchTableViewCell.swift in Sources */ = {isa = PBXBuildFile; fileRef = AA24EEDD1BF5AE8300112A63 /* SearchTableViewCell.swift */; };
		AA24EEE01BF5AE8300112A63 /* SearchTableViewCell.xib in Resources */ = {isa = PBXBuildFile; fileRef = AA24EEDE1BF5AE8300112A63 /* SearchTableViewCell.xib */; };
		AA24EEEC1BF5CC5900112A63 /* AlertTableViewController.swift in Sources */ = {isa = PBXBuildFile; fileRef = AA24EEEB1BF5CC5900112A63 /* AlertTableViewController.swift */; };
		AA24EEF31BF5D0A700112A63 /* AlertTableViewCell.swift in Sources */ = {isa = PBXBuildFile; fileRef = AA24EEF11BF5D0A700112A63 /* AlertTableViewCell.swift */; };
		AA24EEF41BF5D0A700112A63 /* AlertTableViewCell.xib in Resources */ = {isa = PBXBuildFile; fileRef = AA24EEF21BF5D0A700112A63 /* AlertTableViewCell.xib */; };
		AA2783F81BFC6054003FA3A0 /* AddMemberTableViewController.swift in Sources */ = {isa = PBXBuildFile; fileRef = AA2783F71BFC6054003FA3A0 /* AddMemberTableViewController.swift */; };
		AA29235C1C099F2900F2478E /* User.swift in Sources */ = {isa = PBXBuildFile; fileRef = AA29235B1C099F2900F2478E /* User.swift */; };
		AA4B94051BFF0F1900A64019 /* RankingTableViewCell.swift in Sources */ = {isa = PBXBuildFile; fileRef = AA4B94031BFF0F1900A64019 /* RankingTableViewCell.swift */; };
		AA4B94061BFF0F1900A64019 /* RankingTableViewCell.xib in Resources */ = {isa = PBXBuildFile; fileRef = AA4B94041BFF0F1900A64019 /* RankingTableViewCell.xib */; };
		AA5382B41BFDA431009CEB6C /* UserViewController.swift in Sources */ = {isa = PBXBuildFile; fileRef = AA5382B31BFDA431009CEB6C /* UserViewController.swift */; };
		AA62DB921BFF007C006BFA98 /* RankingTableViewController.swift in Sources */ = {isa = PBXBuildFile; fileRef = AA62DB911BFF007C006BFA98 /* RankingTableViewController.swift */; };
		AA92627C1C080E6E00C0A19E /* FBSDKCoreKit.framework in Frameworks */ = {isa = PBXBuildFile; fileRef = AA9262791C080E6E00C0A19E /* FBSDKCoreKit.framework */; };
		AA92627D1C080E6E00C0A19E /* FBSDKLoginKit.framework in Frameworks */ = {isa = PBXBuildFile; fileRef = AA92627A1C080E6E00C0A19E /* FBSDKLoginKit.framework */; };
		AA92627E1C080E6E00C0A19E /* FBSDKShareKit.framework in Frameworks */ = {isa = PBXBuildFile; fileRef = AA92627B1C080E6E00C0A19E /* FBSDKShareKit.framework */; };
		AA971C961C22B67E003531B6 /* invite.png in Resources */ = {isa = PBXBuildFile; fileRef = AA971C951C22B67E003531B6 /* invite.png */; };
		AA971C9A1C22C9ED003531B6 /* hukidashi.png in Resources */ = {isa = PBXBuildFile; fileRef = AA971C991C22C9ED003531B6 /* hukidashi.png */; };
		AA971C9F1C22F5C8003531B6 /* -member.png in Resources */ = {isa = PBXBuildFile; fileRef = AA971C9B1C22F5C8003531B6 /* -member.png */; };
		AA971CA01C22F5C8003531B6 /* +member.png in Resources */ = {isa = PBXBuildFile; fileRef = AA971C9C1C22F5C8003531B6 /* +member.png */; };
		AA971CA11C22F5C8003531B6 /* change.png in Resources */ = {isa = PBXBuildFile; fileRef = AA971C9D1C22F5C8003531B6 /* change.png */; };
		AA971CA21C22F5C8003531B6 /* member.png in Resources */ = {isa = PBXBuildFile; fileRef = AA971C9E1C22F5C8003531B6 /* member.png */; };
		AA971CA51C230DE1003531B6 /* setting.png in Resources */ = {isa = PBXBuildFile; fileRef = AA971CA31C230DE1003531B6 /* setting.png */; };
		AA971CA61C230DE1003531B6 /* showMember.png in Resources */ = {isa = PBXBuildFile; fileRef = AA971CA41C230DE1003531B6 /* showMember.png */; };
		AA971CAC1C2339B4003531B6 /* alert.png in Resources */ = {isa = PBXBuildFile; fileRef = AA971CA71C2339B4003531B6 /* alert.png */; };
		AA971CAD1C2339B4003531B6 /* home.png in Resources */ = {isa = PBXBuildFile; fileRef = AA971CA81C2339B4003531B6 /* home.png */; };
		AA971CAE1C2339B4003531B6 /* ranking.png in Resources */ = {isa = PBXBuildFile; fileRef = AA971CA91C2339B4003531B6 /* ranking.png */; };
		AA971CAF1C2339B4003531B6 /* search.png in Resources */ = {isa = PBXBuildFile; fileRef = AA971CAA1C2339B4003531B6 /* search.png */; };
		AA971CB01C2339B4003531B6 /* user.png in Resources */ = {isa = PBXBuildFile; fileRef = AA971CAB1C2339B4003531B6 /* user.png */; };
		AA971CD21C23D09D003531B6 /* rate1.png in Resources */ = {isa = PBXBuildFile; fileRef = AA971CCD1C23D09D003531B6 /* rate1.png */; };
		AA971CD31C23D09D003531B6 /* rate2.png in Resources */ = {isa = PBXBuildFile; fileRef = AA971CCE1C23D09D003531B6 /* rate2.png */; };
		AA971CD41C23D09D003531B6 /* rate3.png in Resources */ = {isa = PBXBuildFile; fileRef = AA971CCF1C23D09D003531B6 /* rate3.png */; };
		AA971CD51C23D09D003531B6 /* rate4.png in Resources */ = {isa = PBXBuildFile; fileRef = AA971CD01C23D09D003531B6 /* rate4.png */; };
		AA971CD61C23D09D003531B6 /* rate5.png in Resources */ = {isa = PBXBuildFile; fileRef = AA971CD11C23D09D003531B6 /* rate5.png */; };
		AA9B368C1BF8953B00E83C3A /* CommentTableViewCell.swift in Sources */ = {isa = PBXBuildFile; fileRef = AA9B368A1BF8953B00E83C3A /* CommentTableViewCell.swift */; };
		AA9B368D1BF8953B00E83C3A /* CommentTableViewCell.xib in Resources */ = {isa = PBXBuildFile; fileRef = AA9B368B1BF8953B00E83C3A /* CommentTableViewCell.xib */; };
		AA9B36911BF8E84A00E83C3A /* postIcon.png in Resources */ = {isa = PBXBuildFile; fileRef = AA9B36901BF8E84A00E83C3A /* postIcon.png */; };
		AA9B36951BF8FCB300E83C3A /* batu.png in Resources */ = {isa = PBXBuildFile; fileRef = AA9B36941BF8FCB300E83C3A /* batu.png */; };
		AAC204561C1E5C05009C2015 /* Default-568h@2x.png in Resources */ = {isa = PBXBuildFile; fileRef = AAC204551C1E5C05009C2015 /* Default-568h@2x.png */; };
		AACBF8CF1C1F013D00041184 /* Restaurant.swift in Sources */ = {isa = PBXBuildFile; fileRef = AACBF8CE1C1F013D00041184 /* Restaurant.swift */; };
		AACBF8D11C1F014D00041184 /* RestaurantManager.swift in Sources */ = {isa = PBXBuildFile; fileRef = AACBF8D01C1F014D00041184 /* RestaurantManager.swift */; };
/* End PBXBuildFile section */

/* Begin PBXContainerItemProxy section */
		AA24EE671BF4E9EE00112A63 /* PBXContainerItemProxy */ = {
			isa = PBXContainerItemProxy;
			containerPortal = AA24EE471BF4E9EE00112A63 /* Project object */;
			proxyType = 1;
			remoteGlobalIDString = AA24EE4E1BF4E9EE00112A63;
			remoteInfo = Shokugy;
		};
		AA24EE721BF4E9EE00112A63 /* PBXContainerItemProxy */ = {
			isa = PBXContainerItemProxy;
			containerPortal = AA24EE471BF4E9EE00112A63 /* Project object */;
			proxyType = 1;
			remoteGlobalIDString = AA24EE4E1BF4E9EE00112A63;
			remoteInfo = Shokugy;
		};
/* End PBXContainerItemProxy section */

/* Begin PBXFileReference section */
		08051B4FD27FE40E2802F353 /* Pods_Shokugy.framework */ = {isa = PBXFileReference; explicitFileType = wrapper.framework; includeInIndex = 0; path = Pods_Shokugy.framework; sourceTree = BUILT_PRODUCTS_DIR; };
		1EB6DA622457D2244CF3C450 /* Pods-Shokugy.debug.xcconfig */ = {isa = PBXFileReference; includeInIndex = 1; lastKnownFileType = text.xcconfig; name = "Pods-Shokugy.debug.xcconfig"; path = "Pods/Target Support Files/Pods-Shokugy/Pods-Shokugy.debug.xcconfig"; sourceTree = "<group>"; };
		AA09CF4F1BF84BFF005CBD7C /* GoingMenberViewController.swift */ = {isa = PBXFileReference; fileEncoding = 4; lastKnownFileType = sourcecode.swift; path = GoingMenberViewController.swift; sourceTree = "<group>"; };
		AA09CF511BF854AE005CBD7C /* pug.png */ = {isa = PBXFileReference; lastKnownFileType = image.png; path = pug.png; sourceTree = "<group>"; };
		AA09CF531BF857BB005CBD7C /* StoreDetailViewController.swift */ = {isa = PBXFileReference; fileEncoding = 4; lastKnownFileType = sourcecode.swift; path = StoreDetailViewController.swift; sourceTree = "<group>"; };
		AA24EE4F1BF4E9EE00112A63 /* Shokugy.app */ = {isa = PBXFileReference; explicitFileType = wrapper.application; includeInIndex = 0; path = Shokugy.app; sourceTree = BUILT_PRODUCTS_DIR; };
		AA24EE521BF4E9EE00112A63 /* AppDelegate.swift */ = {isa = PBXFileReference; lastKnownFileType = sourcecode.swift; path = AppDelegate.swift; sourceTree = "<group>"; };
		AA24EE571BF4E9EE00112A63 /* Base */ = {isa = PBXFileReference; lastKnownFileType = file.storyboard; name = Base; path = Base.lproj/Main.storyboard; sourceTree = "<group>"; };
		AA24EE5A1BF4E9EE00112A63 /* Shokugy.xcdatamodel */ = {isa = PBXFileReference; lastKnownFileType = wrapper.xcdatamodel; path = Shokugy.xcdatamodel; sourceTree = "<group>"; };
		AA24EE5C1BF4E9EE00112A63 /* Assets.xcassets */ = {isa = PBXFileReference; lastKnownFileType = folder.assetcatalog; path = Assets.xcassets; sourceTree = "<group>"; };
		AA24EE5F1BF4E9EE00112A63 /* Base */ = {isa = PBXFileReference; lastKnownFileType = file.storyboard; name = Base; path = Base.lproj/LaunchScreen.storyboard; sourceTree = "<group>"; };
		AA24EE611BF4E9EE00112A63 /* Info.plist */ = {isa = PBXFileReference; lastKnownFileType = text.plist.xml; path = Info.plist; sourceTree = "<group>"; };
		AA24EE661BF4E9EE00112A63 /* ShokugyTests.xctest */ = {isa = PBXFileReference; explicitFileType = wrapper.cfbundle; includeInIndex = 0; path = ShokugyTests.xctest; sourceTree = BUILT_PRODUCTS_DIR; };
		AA24EE6A1BF4E9EE00112A63 /* ShokugyTests.swift */ = {isa = PBXFileReference; lastKnownFileType = sourcecode.swift; path = ShokugyTests.swift; sourceTree = "<group>"; };
		AA24EE6C1BF4E9EE00112A63 /* Info.plist */ = {isa = PBXFileReference; lastKnownFileType = text.plist.xml; path = Info.plist; sourceTree = "<group>"; };
		AA24EE711BF4E9EE00112A63 /* ShokugyUITests.xctest */ = {isa = PBXFileReference; explicitFileType = wrapper.cfbundle; includeInIndex = 0; path = ShokugyUITests.xctest; sourceTree = BUILT_PRODUCTS_DIR; };
		AA24EE751BF4E9EE00112A63 /* ShokugyUITests.swift */ = {isa = PBXFileReference; lastKnownFileType = sourcecode.swift; path = ShokugyUITests.swift; sourceTree = "<group>"; };
		AA24EE771BF4E9EE00112A63 /* Info.plist */ = {isa = PBXFileReference; lastKnownFileType = text.plist.xml; path = Info.plist; sourceTree = "<group>"; };
		AA24EE861BF58D3200112A63 /* HomeTableViewController.swift */ = {isa = PBXFileReference; fileEncoding = 4; lastKnownFileType = sourcecode.swift; path = HomeTableViewController.swift; sourceTree = "<group>"; };
		AA24EE8B1BF58FCD00112A63 /* HomeTableViewCell.swift */ = {isa = PBXFileReference; fileEncoding = 4; lastKnownFileType = sourcecode.swift; path = HomeTableViewCell.swift; sourceTree = "<group>"; };
		AA24EE8C1BF58FCD00112A63 /* HomeTableViewCell.xib */ = {isa = PBXFileReference; fileEncoding = 4; lastKnownFileType = file.xib; path = HomeTableViewCell.xib; sourceTree = "<group>"; };
		AA24EEAF1BF5A7E800112A63 /* RAMBounceAnimation.swift */ = {isa = PBXFileReference; fileEncoding = 4; lastKnownFileType = sourcecode.swift; path = RAMBounceAnimation.swift; sourceTree = "<group>"; };
		AA24EEB11BF5A7E800112A63 /* RAMFrameItemAnimation.swift */ = {isa = PBXFileReference; fileEncoding = 4; lastKnownFileType = sourcecode.swift; path = RAMFrameItemAnimation.swift; sourceTree = "<group>"; };
		AA24EEB31BF5A7E800112A63 /* RAMFumeAnimation.swift */ = {isa = PBXFileReference; fileEncoding = 4; lastKnownFileType = sourcecode.swift; path = RAMFumeAnimation.swift; sourceTree = "<group>"; };
		AA24EEB51BF5A7E800112A63 /* RAMRotationAnimation.swift */ = {isa = PBXFileReference; fileEncoding = 4; lastKnownFileType = sourcecode.swift; path = RAMRotationAnimation.swift; sourceTree = "<group>"; };
		AA24EEB71BF5A7E800112A63 /* RAMTransitionItemAnimation.swift */ = {isa = PBXFileReference; fileEncoding = 4; lastKnownFileType = sourcecode.swift; path = RAMTransitionItemAnimation.swift; sourceTree = "<group>"; };
		AA24EEB81BF5A7E800112A63 /* RAMAnimatedTabBarController.swift */ = {isa = PBXFileReference; fileEncoding = 4; lastKnownFileType = sourcecode.swift; path = RAMAnimatedTabBarController.swift; sourceTree = "<group>"; };
		AA24EEB91BF5A7E800112A63 /* RAMItemAnimationProtocol.swift */ = {isa = PBXFileReference; fileEncoding = 4; lastKnownFileType = sourcecode.swift; path = RAMItemAnimationProtocol.swift; sourceTree = "<group>"; };
		AA24EEC71BF5ABB700112A63 /* alert_high.png */ = {isa = PBXFileReference; lastKnownFileType = image.png; path = alert_high.png; sourceTree = "<group>"; };
		AA24EEC91BF5ABB700112A63 /* home_high.png */ = {isa = PBXFileReference; lastKnownFileType = image.png; path = home_high.png; sourceTree = "<group>"; };
		AA24EECB1BF5ABB700112A63 /* ranking_high.png */ = {isa = PBXFileReference; lastKnownFileType = image.png; path = ranking_high.png; sourceTree = "<group>"; };
		AA24EECD1BF5ABB700112A63 /* search_high.png */ = {isa = PBXFileReference; lastKnownFileType = image.png; path = search_high.png; sourceTree = "<group>"; };
		AA24EECF1BF5ABB700112A63 /* user_high.png */ = {isa = PBXFileReference; lastKnownFileType = image.png; path = user_high.png; sourceTree = "<group>"; };
		AA24EEDB1BF5AE2800112A63 /* SearchTableViewController.swift */ = {isa = PBXFileReference; fileEncoding = 4; lastKnownFileType = sourcecode.swift; path = SearchTableViewController.swift; sourceTree = "<group>"; };
		AA24EEDD1BF5AE8300112A63 /* SearchTableViewCell.swift */ = {isa = PBXFileReference; fileEncoding = 4; lastKnownFileType = sourcecode.swift; path = SearchTableViewCell.swift; sourceTree = "<group>"; };
		AA24EEDE1BF5AE8300112A63 /* SearchTableViewCell.xib */ = {isa = PBXFileReference; fileEncoding = 4; lastKnownFileType = file.xib; path = SearchTableViewCell.xib; sourceTree = "<group>"; };
		AA24EEEB1BF5CC5900112A63 /* AlertTableViewController.swift */ = {isa = PBXFileReference; fileEncoding = 4; lastKnownFileType = sourcecode.swift; path = AlertTableViewController.swift; sourceTree = "<group>"; };
		AA24EEF11BF5D0A700112A63 /* AlertTableViewCell.swift */ = {isa = PBXFileReference; fileEncoding = 4; lastKnownFileType = sourcecode.swift; path = AlertTableViewCell.swift; sourceTree = "<group>"; };
		AA24EEF21BF5D0A700112A63 /* AlertTableViewCell.xib */ = {isa = PBXFileReference; fileEncoding = 4; lastKnownFileType = file.xib; path = AlertTableViewCell.xib; sourceTree = "<group>"; };
		AA2783F71BFC6054003FA3A0 /* AddMemberTableViewController.swift */ = {isa = PBXFileReference; fileEncoding = 4; lastKnownFileType = sourcecode.swift; path = AddMemberTableViewController.swift; sourceTree = "<group>"; };
		AA29235B1C099F2900F2478E /* User.swift */ = {isa = PBXFileReference; fileEncoding = 4; lastKnownFileType = sourcecode.swift; path = User.swift; sourceTree = "<group>"; };
		AA4B94031BFF0F1900A64019 /* RankingTableViewCell.swift */ = {isa = PBXFileReference; fileEncoding = 4; lastKnownFileType = sourcecode.swift; path = RankingTableViewCell.swift; sourceTree = "<group>"; };
		AA4B94041BFF0F1900A64019 /* RankingTableViewCell.xib */ = {isa = PBXFileReference; fileEncoding = 4; lastKnownFileType = file.xib; path = RankingTableViewCell.xib; sourceTree = "<group>"; };
		AA5382B31BFDA431009CEB6C /* UserViewController.swift */ = {isa = PBXFileReference; fileEncoding = 4; lastKnownFileType = sourcecode.swift; path = UserViewController.swift; sourceTree = "<group>"; };
		AA62DB911BFF007C006BFA98 /* RankingTableViewController.swift */ = {isa = PBXFileReference; fileEncoding = 4; lastKnownFileType = sourcecode.swift; path = RankingTableViewController.swift; sourceTree = "<group>"; };
		AA9262791C080E6E00C0A19E /* FBSDKCoreKit.framework */ = {isa = PBXFileReference; lastKnownFileType = wrapper.framework; path = FBSDKCoreKit.framework; sourceTree = "<group>"; };
		AA92627A1C080E6E00C0A19E /* FBSDKLoginKit.framework */ = {isa = PBXFileReference; lastKnownFileType = wrapper.framework; path = FBSDKLoginKit.framework; sourceTree = "<group>"; };
		AA92627B1C080E6E00C0A19E /* FBSDKShareKit.framework */ = {isa = PBXFileReference; lastKnownFileType = wrapper.framework; path = FBSDKShareKit.framework; sourceTree = "<group>"; };
		AA971C951C22B67E003531B6 /* invite.png */ = {isa = PBXFileReference; lastKnownFileType = image.png; path = invite.png; sourceTree = "<group>"; };
		AA971C991C22C9ED003531B6 /* hukidashi.png */ = {isa = PBXFileReference; lastKnownFileType = image.png; path = hukidashi.png; sourceTree = "<group>"; };
		AA971C9B1C22F5C8003531B6 /* -member.png */ = {isa = PBXFileReference; lastKnownFileType = image.png; path = "-member.png"; sourceTree = "<group>"; };
		AA971C9C1C22F5C8003531B6 /* +member.png */ = {isa = PBXFileReference; lastKnownFileType = image.png; path = "+member.png"; sourceTree = "<group>"; };
		AA971C9D1C22F5C8003531B6 /* change.png */ = {isa = PBXFileReference; lastKnownFileType = image.png; path = change.png; sourceTree = "<group>"; };
		AA971C9E1C22F5C8003531B6 /* member.png */ = {isa = PBXFileReference; lastKnownFileType = image.png; path = member.png; sourceTree = "<group>"; };
		AA971CA31C230DE1003531B6 /* setting.png */ = {isa = PBXFileReference; lastKnownFileType = image.png; path = setting.png; sourceTree = "<group>"; };
		AA971CA41C230DE1003531B6 /* showMember.png */ = {isa = PBXFileReference; lastKnownFileType = image.png; path = showMember.png; sourceTree = "<group>"; };
		AA971CA71C2339B4003531B6 /* alert.png */ = {isa = PBXFileReference; lastKnownFileType = image.png; path = alert.png; sourceTree = "<group>"; };
		AA971CA81C2339B4003531B6 /* home.png */ = {isa = PBXFileReference; lastKnownFileType = image.png; path = home.png; sourceTree = "<group>"; };
		AA971CA91C2339B4003531B6 /* ranking.png */ = {isa = PBXFileReference; lastKnownFileType = image.png; path = ranking.png; sourceTree = "<group>"; };
		AA971CAA1C2339B4003531B6 /* search.png */ = {isa = PBXFileReference; lastKnownFileType = image.png; path = search.png; sourceTree = "<group>"; };
		AA971CAB1C2339B4003531B6 /* user.png */ = {isa = PBXFileReference; lastKnownFileType = image.png; path = user.png; sourceTree = "<group>"; };
		AA971CCD1C23D09D003531B6 /* rate1.png */ = {isa = PBXFileReference; lastKnownFileType = image.png; path = rate1.png; sourceTree = "<group>"; };
		AA971CCE1C23D09D003531B6 /* rate2.png */ = {isa = PBXFileReference; lastKnownFileType = image.png; path = rate2.png; sourceTree = "<group>"; };
		AA971CCF1C23D09D003531B6 /* rate3.png */ = {isa = PBXFileReference; lastKnownFileType = image.png; path = rate3.png; sourceTree = "<group>"; };
		AA971CD01C23D09D003531B6 /* rate4.png */ = {isa = PBXFileReference; lastKnownFileType = image.png; path = rate4.png; sourceTree = "<group>"; };
		AA971CD11C23D09D003531B6 /* rate5.png */ = {isa = PBXFileReference; lastKnownFileType = image.png; path = rate5.png; sourceTree = "<group>"; };
		AA9B368A1BF8953B00E83C3A /* CommentTableViewCell.swift */ = {isa = PBXFileReference; fileEncoding = 4; lastKnownFileType = sourcecode.swift; path = CommentTableViewCell.swift; sourceTree = "<group>"; };
		AA9B368B1BF8953B00E83C3A /* CommentTableViewCell.xib */ = {isa = PBXFileReference; fileEncoding = 4; lastKnownFileType = file.xib; path = CommentTableViewCell.xib; sourceTree = "<group>"; };
		AA9B36901BF8E84A00E83C3A /* postIcon.png */ = {isa = PBXFileReference; lastKnownFileType = image.png; path = postIcon.png; sourceTree = "<group>"; };
		AA9B36941BF8FCB300E83C3A /* batu.png */ = {isa = PBXFileReference; lastKnownFileType = image.png; path = batu.png; sourceTree = "<group>"; };
		AAC204551C1E5C05009C2015 /* Default-568h@2x.png */ = {isa = PBXFileReference; lastKnownFileType = image.png; path = "Default-568h@2x.png"; sourceTree = "<group>"; };
		AACBF8CE1C1F013D00041184 /* Restaurant.swift */ = {isa = PBXFileReference; fileEncoding = 4; lastKnownFileType = sourcecode.swift; path = Restaurant.swift; sourceTree = "<group>"; };
		AACBF8D01C1F014D00041184 /* RestaurantManager.swift */ = {isa = PBXFileReference; fileEncoding = 4; lastKnownFileType = sourcecode.swift; path = RestaurantManager.swift; sourceTree = "<group>"; };
		E77FA66D48E5A5BE49C15D1D /* Pods-Shokugy.release.xcconfig */ = {isa = PBXFileReference; includeInIndex = 1; lastKnownFileType = text.xcconfig; name = "Pods-Shokugy.release.xcconfig"; path = "Pods/Target Support Files/Pods-Shokugy/Pods-Shokugy.release.xcconfig"; sourceTree = "<group>"; };
/* End PBXFileReference section */

/* Begin PBXFrameworksBuildPhase section */
		AA24EE4C1BF4E9EE00112A63 /* Frameworks */ = {
			isa = PBXFrameworksBuildPhase;
			buildActionMask = 2147483647;
			files = (
				AA92627E1C080E6E00C0A19E /* FBSDKShareKit.framework in Frameworks */,
				54F11B06A97E41AF4F92BD74 /* Pods_Shokugy.framework in Frameworks */,
				AA92627C1C080E6E00C0A19E /* FBSDKCoreKit.framework in Frameworks */,
				AA92627D1C080E6E00C0A19E /* FBSDKLoginKit.framework in Frameworks */,
			);
			runOnlyForDeploymentPostprocessing = 0;
		};
		AA24EE631BF4E9EE00112A63 /* Frameworks */ = {
			isa = PBXFrameworksBuildPhase;
			buildActionMask = 2147483647;
			files = (
			);
			runOnlyForDeploymentPostprocessing = 0;
		};
		AA24EE6E1BF4E9EE00112A63 /* Frameworks */ = {
			isa = PBXFrameworksBuildPhase;
			buildActionMask = 2147483647;
			files = (
			);
			runOnlyForDeploymentPostprocessing = 0;
		};
/* End PBXFrameworksBuildPhase section */

/* Begin PBXGroup section */
		23118A4B379B5B402736EECA /* Pods */ = {
			isa = PBXGroup;
			children = (
				1EB6DA622457D2244CF3C450 /* Pods-Shokugy.debug.xcconfig */,
				E77FA66D48E5A5BE49C15D1D /* Pods-Shokugy.release.xcconfig */,
			);
			name = Pods;
			sourceTree = "<group>";
		};
		9502505171DB3483CB93CD32 /* Frameworks */ = {
			isa = PBXGroup;
			children = (
				08051B4FD27FE40E2802F353 /* Pods_Shokugy.framework */,
				AA9262791C080E6E00C0A19E /* FBSDKCoreKit.framework */,
				AA92627A1C080E6E00C0A19E /* FBSDKLoginKit.framework */,
				AA92627B1C080E6E00C0A19E /* FBSDKShareKit.framework */,
			);
			name = Frameworks;
			sourceTree = "<group>";
		};
		AA24EE461BF4E9EE00112A63 = {
			isa = PBXGroup;
			children = (
				AAC204551C1E5C05009C2015 /* Default-568h@2x.png */,
				AA24EE511BF4E9EE00112A63 /* Shokugy */,
				AA24EE691BF4E9EE00112A63 /* ShokugyTests */,
				AA24EE741BF4E9EE00112A63 /* ShokugyUITests */,
				AA24EE501BF4E9EE00112A63 /* Products */,
				AA24EEAC1BF5A7E800112A63 /* RAMAnimatedTabBarController */,
				23118A4B379B5B402736EECA /* Pods */,
				9502505171DB3483CB93CD32 /* Frameworks */,
			);
			sourceTree = "<group>";
		};
		AA24EE501BF4E9EE00112A63 /* Products */ = {
			isa = PBXGroup;
			children = (
				AA24EE4F1BF4E9EE00112A63 /* Shokugy.app */,
				AA24EE661BF4E9EE00112A63 /* ShokugyTests.xctest */,
				AA24EE711BF4E9EE00112A63 /* ShokugyUITests.xctest */,
			);
			name = Products;
			sourceTree = "<group>";
		};
		AA24EE511BF4E9EE00112A63 /* Shokugy */ = {
			isa = PBXGroup;
			children = (
				AA24EE521BF4E9EE00112A63 /* AppDelegate.swift */,
				AA24EE561BF4E9EE00112A63 /* Main.storyboard */,
				AA24EE851BF4EC5300112A63 /* Model */,
				AA24EE841BF4EC4C00112A63 /* Controller */,
				AA24EE831BF4EC4700112A63 /* View */,
				AA24EE5C1BF4E9EE00112A63 /* Assets.xcassets */,
				AA24EE5E1BF4E9EE00112A63 /* LaunchScreen.storyboard */,
				AA24EE611BF4E9EE00112A63 /* Info.plist */,
				AA24EE591BF4E9EE00112A63 /* Shokugy.xcdatamodeld */,
				AA24EE8A1BF58ED000112A63 /* images */,
			);
			path = Shokugy;
			sourceTree = "<group>";
		};
		AA24EE691BF4E9EE00112A63 /* ShokugyTests */ = {
			isa = PBXGroup;
			children = (
				AA24EE6A1BF4E9EE00112A63 /* ShokugyTests.swift */,
				AA24EE6C1BF4E9EE00112A63 /* Info.plist */,
			);
			path = ShokugyTests;
			sourceTree = "<group>";
		};
		AA24EE741BF4E9EE00112A63 /* ShokugyUITests */ = {
			isa = PBXGroup;
			children = (
				AA24EE751BF4E9EE00112A63 /* ShokugyUITests.swift */,
				AA24EE771BF4E9EE00112A63 /* Info.plist */,
			);
			path = ShokugyUITests;
			sourceTree = "<group>";
		};
		AA24EE831BF4EC4700112A63 /* View */ = {
			isa = PBXGroup;
			children = (
				AA24EE8B1BF58FCD00112A63 /* HomeTableViewCell.swift */,
				AA24EE8C1BF58FCD00112A63 /* HomeTableViewCell.xib */,
				AA24EEDD1BF5AE8300112A63 /* SearchTableViewCell.swift */,
				AA24EEDE1BF5AE8300112A63 /* SearchTableViewCell.xib */,
				AA24EEF11BF5D0A700112A63 /* AlertTableViewCell.swift */,
				AA24EEF21BF5D0A700112A63 /* AlertTableViewCell.xib */,
				AA9B368A1BF8953B00E83C3A /* CommentTableViewCell.swift */,
				AA9B368B1BF8953B00E83C3A /* CommentTableViewCell.xib */,
				AA4B94031BFF0F1900A64019 /* RankingTableViewCell.swift */,
				AA4B94041BFF0F1900A64019 /* RankingTableViewCell.xib */,
			);
			name = View;
			sourceTree = "<group>";
		};
		AA24EE841BF4EC4C00112A63 /* Controller */ = {
			isa = PBXGroup;
			children = (
				AA24EE861BF58D3200112A63 /* HomeTableViewController.swift */,
				AA24EEDB1BF5AE2800112A63 /* SearchTableViewController.swift */,
				AA24EEEB1BF5CC5900112A63 /* AlertTableViewController.swift */,
				AA09CF4F1BF84BFF005CBD7C /* GoingMenberViewController.swift */,
				AA09CF531BF857BB005CBD7C /* StoreDetailViewController.swift */,
				AA2783F71BFC6054003FA3A0 /* AddMemberTableViewController.swift */,
				AA5382B31BFDA431009CEB6C /* UserViewController.swift */,
				AA62DB911BFF007C006BFA98 /* RankingTableViewController.swift */,
			);
			name = Controller;
			sourceTree = "<group>";
		};
		AA24EE851BF4EC5300112A63 /* Model */ = {
			isa = PBXGroup;
			children = (
				AA29235B1C099F2900F2478E /* User.swift */,
				AACBF8CE1C1F013D00041184 /* Restaurant.swift */,
				AACBF8D01C1F014D00041184 /* RestaurantManager.swift */,
			);
			name = Model;
			sourceTree = "<group>";
		};
		AA24EE8A1BF58ED000112A63 /* images */ = {
			isa = PBXGroup;
			children = (
				AA971CCC1C23D09D003531B6 /* rate */,
				AA971C9B1C22F5C8003531B6 /* -member.png */,
				AA971C9C1C22F5C8003531B6 /* +member.png */,
				AA971C9D1C22F5C8003531B6 /* change.png */,
				AA971CA31C230DE1003531B6 /* setting.png */,
				AA971CA41C230DE1003531B6 /* showMember.png */,
				AA971C9E1C22F5C8003531B6 /* member.png */,
				AA24EEC71BF5ABB700112A63 /* alert_high.png */,
				AA24EEC91BF5ABB700112A63 /* home_high.png */,
				AA971CA71C2339B4003531B6 /* alert.png */,
				AA971CA81C2339B4003531B6 /* home.png */,
				AA971CA91C2339B4003531B6 /* ranking.png */,
				AA971CAA1C2339B4003531B6 /* search.png */,
				AA971CAB1C2339B4003531B6 /* user.png */,
				AA24EECB1BF5ABB700112A63 /* ranking_high.png */,
				AA24EECD1BF5ABB700112A63 /* search_high.png */,
				AA971C951C22B67E003531B6 /* invite.png */,
				AA24EECF1BF5ABB700112A63 /* user_high.png */,
				AA971C991C22C9ED003531B6 /* hukidashi.png */,
				AA09CF511BF854AE005CBD7C /* pug.png */,
				AA9B36901BF8E84A00E83C3A /* postIcon.png */,
				AA9B36941BF8FCB300E83C3A /* batu.png */,
			);
			name = images;
			sourceTree = "<group>";
		};
		AA24EEAC1BF5A7E800112A63 /* RAMAnimatedTabBarController */ = {
			isa = PBXGroup;
			children = (
				AA24EEAD1BF5A7E800112A63 /* Animations */,
				AA24EEB81BF5A7E800112A63 /* RAMAnimatedTabBarController.swift */,
				AA24EEB91BF5A7E800112A63 /* RAMItemAnimationProtocol.swift */,
			);
			path = RAMAnimatedTabBarController;
			sourceTree = "<group>";
		};
		AA24EEAD1BF5A7E800112A63 /* Animations */ = {
			isa = PBXGroup;
			children = (
				AA24EEAE1BF5A7E800112A63 /* BounceAnimation */,
				AA24EEB01BF5A7E800112A63 /* FrameAnimation */,
				AA24EEB21BF5A7E800112A63 /* FumeAnimation */,
				AA24EEB41BF5A7E800112A63 /* RotationAnimation */,
				AA24EEB61BF5A7E800112A63 /* TransitionAniamtions */,
			);
			path = Animations;
			sourceTree = "<group>";
		};
		AA24EEAE1BF5A7E800112A63 /* BounceAnimation */ = {
			isa = PBXGroup;
			children = (
				AA24EEAF1BF5A7E800112A63 /* RAMBounceAnimation.swift */,
			);
			path = BounceAnimation;
			sourceTree = "<group>";
		};
		AA24EEB01BF5A7E800112A63 /* FrameAnimation */ = {
			isa = PBXGroup;
			children = (
				AA24EEB11BF5A7E800112A63 /* RAMFrameItemAnimation.swift */,
			);
			path = FrameAnimation;
			sourceTree = "<group>";
		};
		AA24EEB21BF5A7E800112A63 /* FumeAnimation */ = {
			isa = PBXGroup;
			children = (
				AA24EEB31BF5A7E800112A63 /* RAMFumeAnimation.swift */,
			);
			path = FumeAnimation;
			sourceTree = "<group>";
		};
		AA24EEB41BF5A7E800112A63 /* RotationAnimation */ = {
			isa = PBXGroup;
			children = (
				AA24EEB51BF5A7E800112A63 /* RAMRotationAnimation.swift */,
			);
			path = RotationAnimation;
			sourceTree = "<group>";
		};
		AA24EEB61BF5A7E800112A63 /* TransitionAniamtions */ = {
			isa = PBXGroup;
			children = (
				AA24EEB71BF5A7E800112A63 /* RAMTransitionItemAnimation.swift */,
			);
			path = TransitionAniamtions;
			sourceTree = "<group>";
		};
		AA971CCC1C23D09D003531B6 /* rate */ = {
			isa = PBXGroup;
			children = (
				AA971CCD1C23D09D003531B6 /* rate1.png */,
				AA971CCE1C23D09D003531B6 /* rate2.png */,
				AA971CCF1C23D09D003531B6 /* rate3.png */,
				AA971CD01C23D09D003531B6 /* rate4.png */,
				AA971CD11C23D09D003531B6 /* rate5.png */,
			);
			path = rate;
			sourceTree = "<group>";
		};
/* End PBXGroup section */

/* Begin PBXNativeTarget section */
		AA24EE4E1BF4E9EE00112A63 /* Shokugy */ = {
			isa = PBXNativeTarget;
			buildConfigurationList = AA24EE7A1BF4E9EE00112A63 /* Build configuration list for PBXNativeTarget "Shokugy" */;
			buildPhases = (
				FA66A83CD12984D04CA08B72 /* Check Pods Manifest.lock */,
				AA24EE4B1BF4E9EE00112A63 /* Sources */,
				AA24EE4C1BF4E9EE00112A63 /* Frameworks */,
				AA24EE4D1BF4E9EE00112A63 /* Resources */,
				ADA0165664E34B41B2AC399F /* Embed Pods Frameworks */,
				99065DDF874490372F9268F1 /* Copy Pods Resources */,
			);
			buildRules = (
			);
			dependencies = (
			);
			name = Shokugy;
			productName = Shokugy;
			productReference = AA24EE4F1BF4E9EE00112A63 /* Shokugy.app */;
			productType = "com.apple.product-type.application";
		};
		AA24EE651BF4E9EE00112A63 /* ShokugyTests */ = {
			isa = PBXNativeTarget;
			buildConfigurationList = AA24EE7D1BF4E9EE00112A63 /* Build configuration list for PBXNativeTarget "ShokugyTests" */;
			buildPhases = (
				AA24EE621BF4E9EE00112A63 /* Sources */,
				AA24EE631BF4E9EE00112A63 /* Frameworks */,
				AA24EE641BF4E9EE00112A63 /* Resources */,
			);
			buildRules = (
			);
			dependencies = (
				AA24EE681BF4E9EE00112A63 /* PBXTargetDependency */,
			);
			name = ShokugyTests;
			productName = ShokugyTests;
			productReference = AA24EE661BF4E9EE00112A63 /* ShokugyTests.xctest */;
			productType = "com.apple.product-type.bundle.unit-test";
		};
		AA24EE701BF4E9EE00112A63 /* ShokugyUITests */ = {
			isa = PBXNativeTarget;
			buildConfigurationList = AA24EE801BF4E9EE00112A63 /* Build configuration list for PBXNativeTarget "ShokugyUITests" */;
			buildPhases = (
				AA24EE6D1BF4E9EE00112A63 /* Sources */,
				AA24EE6E1BF4E9EE00112A63 /* Frameworks */,
				AA24EE6F1BF4E9EE00112A63 /* Resources */,
			);
			buildRules = (
			);
			dependencies = (
				AA24EE731BF4E9EE00112A63 /* PBXTargetDependency */,
			);
			name = ShokugyUITests;
			productName = ShokugyUITests;
			productReference = AA24EE711BF4E9EE00112A63 /* ShokugyUITests.xctest */;
			productType = "com.apple.product-type.bundle.ui-testing";
		};
/* End PBXNativeTarget section */

/* Begin PBXProject section */
		AA24EE471BF4E9EE00112A63 /* Project object */ = {
			isa = PBXProject;
			attributes = {
				LastSwiftUpdateCheck = 0710;
				LastUpgradeCheck = 0710;
				ORGANIZATIONNAME = Shokugy;
				TargetAttributes = {
					AA24EE4E1BF4E9EE00112A63 = {
						CreatedOnToolsVersion = 7.1.1;
						DevelopmentTeam = XUC6543MQ8;
					};
					AA24EE651BF4E9EE00112A63 = {
						CreatedOnToolsVersion = 7.1.1;
						DevelopmentTeam = XUC6543MQ8;
						TestTargetID = AA24EE4E1BF4E9EE00112A63;
					};
					AA24EE701BF4E9EE00112A63 = {
						CreatedOnToolsVersion = 7.1.1;
						DevelopmentTeam = XUC6543MQ8;
						TestTargetID = AA24EE4E1BF4E9EE00112A63;
					};
				};
			};
			buildConfigurationList = AA24EE4A1BF4E9EE00112A63 /* Build configuration list for PBXProject "Shokugy" */;
			compatibilityVersion = "Xcode 3.2";
			developmentRegion = English;
			hasScannedForEncodings = 0;
			knownRegions = (
				en,
				Base,
			);
			mainGroup = AA24EE461BF4E9EE00112A63;
			productRefGroup = AA24EE501BF4E9EE00112A63 /* Products */;
			projectDirPath = "";
			projectRoot = "";
			targets = (
				AA24EE4E1BF4E9EE00112A63 /* Shokugy */,
				AA24EE651BF4E9EE00112A63 /* ShokugyTests */,
				AA24EE701BF4E9EE00112A63 /* ShokugyUITests */,
			);
		};
/* End PBXProject section */

/* Begin PBXResourcesBuildPhase section */
		AA24EE4D1BF4E9EE00112A63 /* Resources */ = {
			isa = PBXResourcesBuildPhase;
			buildActionMask = 2147483647;
			files = (
				AA24EE601BF4E9EE00112A63 /* LaunchScreen.storyboard in Resources */,
				AA971CA21C22F5C8003531B6 /* member.png in Resources */,
				AA971C9F1C22F5C8003531B6 /* -member.png in Resources */,
				AA4B94061BFF0F1900A64019 /* RankingTableViewCell.xib in Resources */,
				AA971C9A1C22C9ED003531B6 /* hukidashi.png in Resources */,
				AA9B36951BF8FCB300E83C3A /* batu.png in Resources */,
				AA971CD21C23D09D003531B6 /* rate1.png in Resources */,
				AA971CD41C23D09D003531B6 /* rate3.png in Resources */,
				AA971CA51C230DE1003531B6 /* setting.png in Resources */,
				AA971CA01C22F5C8003531B6 /* +member.png in Resources */,
				AA971CAE1C2339B4003531B6 /* ranking.png in Resources */,
				AA24EEF41BF5D0A700112A63 /* AlertTableViewCell.xib in Resources */,
				AA9B36911BF8E84A00E83C3A /* postIcon.png in Resources */,
				AA09CF521BF854AE005CBD7C /* pug.png in Resources */,
				AA24EE5D1BF4E9EE00112A63 /* Assets.xcassets in Resources */,
				AA24EED11BF5ABB700112A63 /* alert_high.png in Resources */,
				AAC204561C1E5C05009C2015 /* Default-568h@2x.png in Resources */,
				AA971CD61C23D09D003531B6 /* rate5.png in Resources */,
				AA24EED91BF5ABB700112A63 /* user_high.png in Resources */,
				AA971CAD1C2339B4003531B6 /* home.png in Resources */,
				AA24EEE01BF5AE8300112A63 /* SearchTableViewCell.xib in Resources */,
				AA24EED31BF5ABB700112A63 /* home_high.png in Resources */,
				AA24EED51BF5ABB700112A63 /* ranking_high.png in Resources */,
				AA24EE581BF4E9EE00112A63 /* Main.storyboard in Resources */,
				AA971CAC1C2339B4003531B6 /* alert.png in Resources */,
				AA971C961C22B67E003531B6 /* invite.png in Resources */,
				AA971CB01C2339B4003531B6 /* user.png in Resources */,
				AA971CD51C23D09D003531B6 /* rate4.png in Resources */,
				AA24EE8E1BF58FCD00112A63 /* HomeTableViewCell.xib in Resources */,
				AA971CD31C23D09D003531B6 /* rate2.png in Resources */,
				AA971CAF1C2339B4003531B6 /* search.png in Resources */,
				AA971CA11C22F5C8003531B6 /* change.png in Resources */,
				AA24EED71BF5ABB700112A63 /* search_high.png in Resources */,
				AA9B368D1BF8953B00E83C3A /* CommentTableViewCell.xib in Resources */,
				AA971CA61C230DE1003531B6 /* showMember.png in Resources */,
			);
			runOnlyForDeploymentPostprocessing = 0;
		};
		AA24EE641BF4E9EE00112A63 /* Resources */ = {
			isa = PBXResourcesBuildPhase;
			buildActionMask = 2147483647;
			files = (
			);
			runOnlyForDeploymentPostprocessing = 0;
		};
		AA24EE6F1BF4E9EE00112A63 /* Resources */ = {
			isa = PBXResourcesBuildPhase;
			buildActionMask = 2147483647;
			files = (
			);
			runOnlyForDeploymentPostprocessing = 0;
		};
/* End PBXResourcesBuildPhase section */

/* Begin PBXShellScriptBuildPhase section */
		99065DDF874490372F9268F1 /* Copy Pods Resources */ = {
			isa = PBXShellScriptBuildPhase;
			buildActionMask = 2147483647;
			files = (
			);
			inputPaths = (
			);
			name = "Copy Pods Resources";
			outputPaths = (
			);
			runOnlyForDeploymentPostprocessing = 0;
			shellPath = /bin/sh;
			shellScript = "\"${SRCROOT}/Pods/Target Support Files/Pods-Shokugy/Pods-Shokugy-resources.sh\"\n";
			showEnvVarsInLog = 0;
		};
		ADA0165664E34B41B2AC399F /* Embed Pods Frameworks */ = {
			isa = PBXShellScriptBuildPhase;
			buildActionMask = 2147483647;
			files = (
			);
			inputPaths = (
			);
			name = "Embed Pods Frameworks";
			outputPaths = (
			);
			runOnlyForDeploymentPostprocessing = 0;
			shellPath = /bin/sh;
			shellScript = "\"${SRCROOT}/Pods/Target Support Files/Pods-Shokugy/Pods-Shokugy-frameworks.sh\"\n";
			showEnvVarsInLog = 0;
		};
		FA66A83CD12984D04CA08B72 /* Check Pods Manifest.lock */ = {
			isa = PBXShellScriptBuildPhase;
			buildActionMask = 2147483647;
			files = (
			);
			inputPaths = (
			);
			name = "Check Pods Manifest.lock";
			outputPaths = (
			);
			runOnlyForDeploymentPostprocessing = 0;
			shellPath = /bin/sh;
			shellScript = "diff \"${PODS_ROOT}/../Podfile.lock\" \"${PODS_ROOT}/Manifest.lock\" > /dev/null\nif [[ $? != 0 ]] ; then\n    cat << EOM\nerror: The sandbox is not in sync with the Podfile.lock. Run 'pod install' or update your CocoaPods installation.\nEOM\n    exit 1\nfi\n";
			showEnvVarsInLog = 0;
		};
/* End PBXShellScriptBuildPhase section */

/* Begin PBXSourcesBuildPhase section */
		AA24EE4B1BF4E9EE00112A63 /* Sources */ = {
			isa = PBXSourcesBuildPhase;
			buildActionMask = 2147483647;
			files = (
				AACBF8CF1C1F013D00041184 /* Restaurant.swift in Sources */,
				AA24EEC01BF5A7E800112A63 /* RAMItemAnimationProtocol.swift in Sources */,
				AA5382B41BFDA431009CEB6C /* UserViewController.swift in Sources */,
				AA24EE871BF58D3200112A63 /* HomeTableViewController.swift in Sources */,
				AA09CF541BF857BB005CBD7C /* StoreDetailViewController.swift in Sources */,
				AA24EEBF1BF5A7E800112A63 /* RAMAnimatedTabBarController.swift in Sources */,
				AA24EEBE1BF5A7E800112A63 /* RAMTransitionItemAnimation.swift in Sources */,
				AA24EEBC1BF5A7E800112A63 /* RAMFumeAnimation.swift in Sources */,
				AA24EE531BF4E9EE00112A63 /* AppDelegate.swift in Sources */,
				AA09CF501BF84BFF005CBD7C /* GoingMenberViewController.swift in Sources */,
				AA24EEBA1BF5A7E800112A63 /* RAMBounceAnimation.swift in Sources */,
				AA24EEDC1BF5AE2800112A63 /* SearchTableViewController.swift in Sources */,
				AA24EEDF1BF5AE8300112A63 /* SearchTableViewCell.swift in Sources */,
				AA24EEF31BF5D0A700112A63 /* AlertTableViewCell.swift in Sources */,
				AA24EE8D1BF58FCD00112A63 /* HomeTableViewCell.swift in Sources */,
				AACBF8D11C1F014D00041184 /* RestaurantManager.swift in Sources */,
				AA9B368C1BF8953B00E83C3A /* CommentTableViewCell.swift in Sources */,
				AA24EEEC1BF5CC5900112A63 /* AlertTableViewController.swift in Sources */,
				AA62DB921BFF007C006BFA98 /* RankingTableViewController.swift in Sources */,
				AA24EEBD1BF5A7E800112A63 /* RAMRotationAnimation.swift in Sources */,
				AA24EEBB1BF5A7E800112A63 /* RAMFrameItemAnimation.swift in Sources */,
				AA24EE5B1BF4E9EE00112A63 /* Shokugy.xcdatamodeld in Sources */,
				AA4B94051BFF0F1900A64019 /* RankingTableViewCell.swift in Sources */,
				AA2783F81BFC6054003FA3A0 /* AddMemberTableViewController.swift in Sources */,
				AA29235C1C099F2900F2478E /* User.swift in Sources */,
			);
			runOnlyForDeploymentPostprocessing = 0;
		};
		AA24EE621BF4E9EE00112A63 /* Sources */ = {
			isa = PBXSourcesBuildPhase;
			buildActionMask = 2147483647;
			files = (
				AA24EE6B1BF4E9EE00112A63 /* ShokugyTests.swift in Sources */,
			);
			runOnlyForDeploymentPostprocessing = 0;
		};
		AA24EE6D1BF4E9EE00112A63 /* Sources */ = {
			isa = PBXSourcesBuildPhase;
			buildActionMask = 2147483647;
			files = (
				AA24EE761BF4E9EE00112A63 /* ShokugyUITests.swift in Sources */,
			);
			runOnlyForDeploymentPostprocessing = 0;
		};
/* End PBXSourcesBuildPhase section */

/* Begin PBXTargetDependency section */
		AA24EE681BF4E9EE00112A63 /* PBXTargetDependency */ = {
			isa = PBXTargetDependency;
			target = AA24EE4E1BF4E9EE00112A63 /* Shokugy */;
			targetProxy = AA24EE671BF4E9EE00112A63 /* PBXContainerItemProxy */;
		};
		AA24EE731BF4E9EE00112A63 /* PBXTargetDependency */ = {
			isa = PBXTargetDependency;
			target = AA24EE4E1BF4E9EE00112A63 /* Shokugy */;
			targetProxy = AA24EE721BF4E9EE00112A63 /* PBXContainerItemProxy */;
		};
/* End PBXTargetDependency section */

/* Begin PBXVariantGroup section */
		AA24EE561BF4E9EE00112A63 /* Main.storyboard */ = {
			isa = PBXVariantGroup;
			children = (
				AA24EE571BF4E9EE00112A63 /* Base */,
			);
			name = Main.storyboard;
			sourceTree = "<group>";
		};
		AA24EE5E1BF4E9EE00112A63 /* LaunchScreen.storyboard */ = {
			isa = PBXVariantGroup;
			children = (
				AA24EE5F1BF4E9EE00112A63 /* Base */,
			);
			name = LaunchScreen.storyboard;
			sourceTree = "<group>";
		};
/* End PBXVariantGroup section */

/* Begin XCBuildConfiguration section */
		AA24EE781BF4E9EE00112A63 /* Debug */ = {
			isa = XCBuildConfiguration;
			buildSettings = {
				ALWAYS_SEARCH_USER_PATHS = NO;
				CLANG_CXX_LANGUAGE_STANDARD = "gnu++0x";
				CLANG_CXX_LIBRARY = "libc++";
				CLANG_ENABLE_MODULES = YES;
				CLANG_ENABLE_OBJC_ARC = YES;
				CLANG_WARN_BOOL_CONVERSION = YES;
				CLANG_WARN_CONSTANT_CONVERSION = YES;
				CLANG_WARN_DIRECT_OBJC_ISA_USAGE = YES_ERROR;
				CLANG_WARN_EMPTY_BODY = YES;
				CLANG_WARN_ENUM_CONVERSION = YES;
				CLANG_WARN_INT_CONVERSION = YES;
				CLANG_WARN_OBJC_ROOT_CLASS = YES_ERROR;
				CLANG_WARN_UNREACHABLE_CODE = YES;
				CLANG_WARN__DUPLICATE_METHOD_MATCH = YES;
				"CODE_SIGN_IDENTITY[sdk=iphoneos*]" = "iPhone Developer";
				COPY_PHASE_STRIP = NO;
				DEBUG_INFORMATION_FORMAT = dwarf;
				ENABLE_STRICT_OBJC_MSGSEND = YES;
				ENABLE_TESTABILITY = YES;
				GCC_C_LANGUAGE_STANDARD = gnu99;
				GCC_DYNAMIC_NO_PIC = NO;
				GCC_NO_COMMON_BLOCKS = YES;
				GCC_OPTIMIZATION_LEVEL = 0;
				GCC_PREPROCESSOR_DEFINITIONS = (
					"DEBUG=1",
					"$(inherited)",
				);
				GCC_WARN_64_TO_32_BIT_CONVERSION = YES;
				GCC_WARN_ABOUT_RETURN_TYPE = YES_ERROR;
				GCC_WARN_UNDECLARED_SELECTOR = YES;
				GCC_WARN_UNINITIALIZED_AUTOS = YES_AGGRESSIVE;
				GCC_WARN_UNUSED_FUNCTION = YES;
				GCC_WARN_UNUSED_VARIABLE = YES;
				IPHONEOS_DEPLOYMENT_TARGET = 9.1;
				MTL_ENABLE_DEBUG_INFO = YES;
				ONLY_ACTIVE_ARCH = YES;
				SDKROOT = iphoneos;
				SWIFT_OPTIMIZATION_LEVEL = "-Onone";
			};
			name = Debug;
		};
		AA24EE791BF4E9EE00112A63 /* Release */ = {
			isa = XCBuildConfiguration;
			buildSettings = {
				ALWAYS_SEARCH_USER_PATHS = NO;
				CLANG_CXX_LANGUAGE_STANDARD = "gnu++0x";
				CLANG_CXX_LIBRARY = "libc++";
				CLANG_ENABLE_MODULES = YES;
				CLANG_ENABLE_OBJC_ARC = YES;
				CLANG_WARN_BOOL_CONVERSION = YES;
				CLANG_WARN_CONSTANT_CONVERSION = YES;
				CLANG_WARN_DIRECT_OBJC_ISA_USAGE = YES_ERROR;
				CLANG_WARN_EMPTY_BODY = YES;
				CLANG_WARN_ENUM_CONVERSION = YES;
				CLANG_WARN_INT_CONVERSION = YES;
				CLANG_WARN_OBJC_ROOT_CLASS = YES_ERROR;
				CLANG_WARN_UNREACHABLE_CODE = YES;
				CLANG_WARN__DUPLICATE_METHOD_MATCH = YES;
				"CODE_SIGN_IDENTITY[sdk=iphoneos*]" = "iPhone Developer";
				COPY_PHASE_STRIP = NO;
				DEBUG_INFORMATION_FORMAT = "dwarf-with-dsym";
				ENABLE_NS_ASSERTIONS = NO;
				ENABLE_STRICT_OBJC_MSGSEND = YES;
				GCC_C_LANGUAGE_STANDARD = gnu99;
				GCC_NO_COMMON_BLOCKS = YES;
				GCC_WARN_64_TO_32_BIT_CONVERSION = YES;
				GCC_WARN_ABOUT_RETURN_TYPE = YES_ERROR;
				GCC_WARN_UNDECLARED_SELECTOR = YES;
				GCC_WARN_UNINITIALIZED_AUTOS = YES_AGGRESSIVE;
				GCC_WARN_UNUSED_FUNCTION = YES;
				GCC_WARN_UNUSED_VARIABLE = YES;
				IPHONEOS_DEPLOYMENT_TARGET = 9.1;
				MTL_ENABLE_DEBUG_INFO = NO;
				SDKROOT = iphoneos;
				VALIDATE_PRODUCT = YES;
			};
			name = Release;
		};
		AA24EE7B1BF4E9EE00112A63 /* Debug */ = {
			isa = XCBuildConfiguration;
			baseConfigurationReference = 1EB6DA622457D2244CF3C450 /* Pods-Shokugy.debug.xcconfig */;
			buildSettings = {
				ASSETCATALOG_COMPILER_APPICON_NAME = AppIcon;
				FRAMEWORK_SEARCH_PATHS = (
					"$(inherited)",
					"$(PROJECT_DIR)",
				);
				INFOPLIST_FILE = Shokugy/Info.plist;
				IPHONEOS_DEPLOYMENT_TARGET = 9.2;
				LD_RUNPATH_SEARCH_PATHS = "$(inherited) @executable_path/Frameworks";
				PRODUCT_BUNDLE_IDENTIFIER = com.ygukohs.Shokugy;
				PRODUCT_NAME = "$(TARGET_NAME)";
			};
			name = Debug;
		};
		AA24EE7C1BF4E9EE00112A63 /* Release */ = {
			isa = XCBuildConfiguration;
			baseConfigurationReference = E77FA66D48E5A5BE49C15D1D /* Pods-Shokugy.release.xcconfig */;
			buildSettings = {
				ASSETCATALOG_COMPILER_APPICON_NAME = AppIcon;
				FRAMEWORK_SEARCH_PATHS = (
					"$(inherited)",
					"$(PROJECT_DIR)",
				);
				INFOPLIST_FILE = Shokugy/Info.plist;
				IPHONEOS_DEPLOYMENT_TARGET = 9.2;
				LD_RUNPATH_SEARCH_PATHS = "$(inherited) @executable_path/Frameworks";
				PRODUCT_BUNDLE_IDENTIFIER = com.ygukohs.Shokugy;
				PRODUCT_NAME = "$(TARGET_NAME)";
			};
			name = Release;
		};
		AA24EE7E1BF4E9EE00112A63 /* Debug */ = {
			isa = XCBuildConfiguration;
			baseConfigurationReference = 1EB6DA622457D2244CF3C450 /* Pods-Shokugy.debug.xcconfig */;
			buildSettings = {
				BUNDLE_LOADER = "$(TEST_HOST)";
				INFOPLIST_FILE = ShokugyTests/Info.plist;
				LD_RUNPATH_SEARCH_PATHS = "$(inherited) @executable_path/Frameworks @loader_path/Frameworks";
				PRODUCT_BUNDLE_IDENTIFIER = com.ygukohs.ShokugyTests;
				PRODUCT_NAME = "$(TARGET_NAME)";
				TEST_HOST = "$(BUILT_PRODUCTS_DIR)/Shokugy.app/Shokugy";
			};
			name = Debug;
		};
		AA24EE7F1BF4E9EE00112A63 /* Release */ = {
			isa = XCBuildConfiguration;
			baseConfigurationReference = E77FA66D48E5A5BE49C15D1D /* Pods-Shokugy.release.xcconfig */;
			buildSettings = {
				BUNDLE_LOADER = "$(TEST_HOST)";
				INFOPLIST_FILE = ShokugyTests/Info.plist;
				LD_RUNPATH_SEARCH_PATHS = "$(inherited) @executable_path/Frameworks @loader_path/Frameworks";
				PRODUCT_BUNDLE_IDENTIFIER = com.ygukohs.ShokugyTests;
				PRODUCT_NAME = "$(TARGET_NAME)";
				TEST_HOST = "$(BUILT_PRODUCTS_DIR)/Shokugy.app/Shokugy";
			};
			name = Release;
		};
		AA24EE811BF4E9EE00112A63 /* Debug */ = {
			isa = XCBuildConfiguration;
			baseConfigurationReference = 1EB6DA622457D2244CF3C450 /* Pods-Shokugy.debug.xcconfig */;
			buildSettings = {
				INFOPLIST_FILE = ShokugyUITests/Info.plist;
				LD_RUNPATH_SEARCH_PATHS = "$(inherited) @executable_path/Frameworks @loader_path/Frameworks";
				PRODUCT_BUNDLE_IDENTIFIER = com.ygukohs.ShokugyUITests;
				PRODUCT_NAME = "$(TARGET_NAME)";
				TEST_TARGET_NAME = Shokugy;
				USES_XCTRUNNER = YES;
			};
			name = Debug;
		};
		AA24EE821BF4E9EE00112A63 /* Release */ = {
			isa = XCBuildConfiguration;
			baseConfigurationReference = E77FA66D48E5A5BE49C15D1D /* Pods-Shokugy.release.xcconfig */;
			buildSettings = {
				INFOPLIST_FILE = ShokugyUITests/Info.plist;
				LD_RUNPATH_SEARCH_PATHS = "$(inherited) @executable_path/Frameworks @loader_path/Frameworks";
				PRODUCT_BUNDLE_IDENTIFIER = com.ygukohs.ShokugyUITests;
				PRODUCT_NAME = "$(TARGET_NAME)";
				TEST_TARGET_NAME = Shokugy;
				USES_XCTRUNNER = YES;
			};
			name = Release;
		};
/* End XCBuildConfiguration section */

/* Begin XCConfigurationList section */
		AA24EE4A1BF4E9EE00112A63 /* Build configuration list for PBXProject "Shokugy" */ = {
			isa = XCConfigurationList;
			buildConfigurations = (
				AA24EE781BF4E9EE00112A63 /* Debug */,
				AA24EE791BF4E9EE00112A63 /* Release */,
			);
			defaultConfigurationIsVisible = 0;
			defaultConfigurationName = Release;
		};
		AA24EE7A1BF4E9EE00112A63 /* Build configuration list for PBXNativeTarget "Shokugy" */ = {
			isa = XCConfigurationList;
			buildConfigurations = (
				AA24EE7B1BF4E9EE00112A63 /* Debug */,
				AA24EE7C1BF4E9EE00112A63 /* Release */,
			);
			defaultConfigurationIsVisible = 0;
			defaultConfigurationName = Release;
		};
		AA24EE7D1BF4E9EE00112A63 /* Build configuration list for PBXNativeTarget "ShokugyTests" */ = {
			isa = XCConfigurationList;
			buildConfigurations = (
				AA24EE7E1BF4E9EE00112A63 /* Debug */,
				AA24EE7F1BF4E9EE00112A63 /* Release */,
			);
			defaultConfigurationIsVisible = 0;
			defaultConfigurationName = Release;
		};
		AA24EE801BF4E9EE00112A63 /* Build configuration list for PBXNativeTarget "ShokugyUITests" */ = {
			isa = XCConfigurationList;
			buildConfigurations = (
				AA24EE811BF4E9EE00112A63 /* Debug */,
				AA24EE821BF4E9EE00112A63 /* Release */,
			);
			defaultConfigurationIsVisible = 0;
			defaultConfigurationName = Release;
		};
/* End XCConfigurationList section */

/* Begin XCVersionGroup section */
		AA24EE591BF4E9EE00112A63 /* Shokugy.xcdatamodeld */ = {
			isa = XCVersionGroup;
			children = (
				AA24EE5A1BF4E9EE00112A63 /* Shokugy.xcdatamodel */,
			);
			currentVersion = AA24EE5A1BF4E9EE00112A63 /* Shokugy.xcdatamodel */;
			path = Shokugy.xcdatamodeld;
			sourceTree = "<group>";
			versionGroupType = wrapper.xcdatamodel;
		};
/* End XCVersionGroup section */
	};
	rootObject = AA24EE471BF4E9EE00112A63 /* Project object */;
}
